// !$*UTF8*$!
{
	archiveVersion = 1;
	classes = {
	};
	objectVersion = 52;
	objects = {

/* Begin PBXBuildFile section */
		21FF2A5F963A6167E114981A /* Pods_Pullgo_PullgoTests.framework in Frameworks */ = {isa = PBXBuildFile; fileRef = 9BE205AB6A44D209E3814BEC /* Pods_Pullgo_PullgoTests.framework */; };
		78DE24EE884A2F4DB477C737 /* Pods_Pullgo.framework in Frameworks */ = {isa = PBXBuildFile; fileRef = 77EC8C9A50C7B34F5170EA4E /* Pods_Pullgo.framework */; };
		A505A8EB26B3DF1E007954A4 /* TeacherCreateClassroomViewController.swift in Sources */ = {isa = PBXBuildFile; fileRef = A505A8EA26B3DF1E007954A4 /* TeacherCreateClassroomViewController.swift */; };
		A505A8EE26B44F0F007954A4 /* TeacherCreateClassroomSelectAcademyViewController.swift in Sources */ = {isa = PBXBuildFile; fileRef = A505A8ED26B44F0F007954A4 /* TeacherCreateClassroomSelectAcademyViewController.swift */; };
		A508196726E748320094A50C /* Animation.swift in Sources */ = {isa = PBXBuildFile; fileRef = A508196626E748320094A50C /* Animation.swift */; };
		A508196926E780A00094A50C /* PGSelectButton.swift in Sources */ = {isa = PBXBuildFile; fileRef = A508196826E780A00094A50C /* PGSelectButton.swift */; };
		A50FABB1271A929400BDD614 /* TeacherChangePasswordViewController.swift in Sources */ = {isa = PBXBuildFile; fileRef = A50FABB0271A929400BDD614 /* TeacherChangePasswordViewController.swift */; };
		A5191494268DC27300620A66 /* InputUsernameViewController.swift in Sources */ = {isa = PBXBuildFile; fileRef = A5191493268DC27300620A66 /* InputUsernameViewController.swift */; };
		A5191496268DCC1500620A66 /* Extension.swift in Sources */ = {isa = PBXBuildFile; fileRef = A5191495268DCC1500620A66 /* Extension.swift */; };
		A51D238B26FDBBE400466C05 /* PGUnregisteredNotification.swift in Sources */ = {isa = PBXBuildFile; fileRef = A51D238A26FDBBE400466C05 /* PGUnregisteredNotification.swift */; };
		A520AAD626EE3BCB0099CD94 /* PGSelectionTab.swift in Sources */ = {isa = PBXBuildFile; fileRef = A520AAD526EE3BCB0099CD94 /* PGSelectionTab.swift */; };
		A52904512704406000B9344C /* PullgoUITest.swift in Sources */ = {isa = PBXBuildFile; fileRef = A591BAFA270435A00089F28D /* PullgoUITest.swift */; };
		A5290452270444CD00B9344C /* TeacherSignUpTest.swift in Sources */ = {isa = PBXBuildFile; fileRef = A568CCB226FB3B8B00B96DF0 /* TeacherSignUpTest.swift */; };
		A52904542704462E00B9344C /* CheckCreatedAccountTest.swift in Sources */ = {isa = PBXBuildFile; fileRef = A52904532704462E00B9344C /* CheckCreatedAccountTest.swift */; };
		A5293762269ACCCD00B210C2 /* Classroom.swift in Sources */ = {isa = PBXBuildFile; fileRef = A5293761269ACCCD00B210C2 /* Classroom.swift */; };
		A5293764269ACCD700B210C2 /* Academy.swift in Sources */ = {isa = PBXBuildFile; fileRef = A5293763269ACCD700B210C2 /* Academy.swift */; };
		A5293766269ACCE200B210C2 /* Lesson.swift in Sources */ = {isa = PBXBuildFile; fileRef = A5293765269ACCE200B210C2 /* Lesson.swift */; };
		A5293768269ACCE700B210C2 /* Exam.swift in Sources */ = {isa = PBXBuildFile; fileRef = A5293767269ACCE700B210C2 /* Exam.swift */; };
		A529376A269ACCED00B210C2 /* Question.swift in Sources */ = {isa = PBXBuildFile; fileRef = A5293769269ACCED00B210C2 /* Question.swift */; };
		A529376C269AD62A00B210C2 /* Schedule.swift in Sources */ = {isa = PBXBuildFile; fileRef = A529376B269AD62A00B210C2 /* Schedule.swift */; };
		A529376F269ADAF800B210C2 /* Alamofire in Frameworks */ = {isa = PBXBuildFile; productRef = A529376E269ADAF800B210C2 /* Alamofire */; };
		A5293771269ADAF800B210C2 /* FSCalendar in Frameworks */ = {isa = PBXBuildFile; productRef = A5293770269ADAF800B210C2 /* FSCalendar */; };
		A5293773269ADAF800B210C2 /* SideMenu in Frameworks */ = {isa = PBXBuildFile; productRef = A5293772269ADAF800B210C2 /* SideMenu */; };
		A5293775269ADB0100B210C2 /* Alamofire in Frameworks */ = {isa = PBXBuildFile; productRef = A5293774269ADB0100B210C2 /* Alamofire */; };
		A5293777269ADB0100B210C2 /* FSCalendar in Frameworks */ = {isa = PBXBuildFile; productRef = A5293776269ADB0100B210C2 /* FSCalendar */; };
		A5293779269ADB0100B210C2 /* SideMenu in Frameworks */ = {isa = PBXBuildFile; productRef = A5293778269ADB0100B210C2 /* SideMenu */; };
		A529377B269AE4CA00B210C2 /* Messages.swift in Sources */ = {isa = PBXBuildFile; fileRef = A529377A269AE4CA00B210C2 /* Messages.swift */; };
		A52EA700271598230000AC73 /* StudentManageSendRequestAcademyViewController.swift in Sources */ = {isa = PBXBuildFile; fileRef = A52EA6FE271598230000AC73 /* StudentManageSendRequestAcademyViewController.swift */; };
		A52EA7032715988E0000AC73 /* StudentManageSendRequestClassroomViewController.swift in Sources */ = {isa = PBXBuildFile; fileRef = A52EA7022715988E0000AC73 /* StudentManageSendRequestClassroomViewController.swift */; };
		A52F8BAA26BD32F9005AA7DC /* TeacherSelectExamDateViewController.swift in Sources */ = {isa = PBXBuildFile; fileRef = A52F8BA926BD32F9005AA7DC /* TeacherSelectExamDateViewController.swift */; };
		A532DB2326889ACB00076260 /* AppDelegate.swift in Sources */ = {isa = PBXBuildFile; fileRef = A532DB2226889ACB00076260 /* AppDelegate.swift */; };
		A532DB2526889ACB00076260 /* SceneDelegate.swift in Sources */ = {isa = PBXBuildFile; fileRef = A532DB2426889ACB00076260 /* SceneDelegate.swift */; };
		A532DB2726889ACB00076260 /* SignInViewController.swift in Sources */ = {isa = PBXBuildFile; fileRef = A532DB2626889ACB00076260 /* SignInViewController.swift */; };
		A532DB2A26889ACB00076260 /* Main.storyboard in Resources */ = {isa = PBXBuildFile; fileRef = A532DB2826889ACB00076260 /* Main.storyboard */; };
		A532DB2C26889ACC00076260 /* Assets.xcassets in Resources */ = {isa = PBXBuildFile; fileRef = A532DB2B26889ACC00076260 /* Assets.xcassets */; };
		A532DB2F26889ACC00076260 /* LaunchScreen.storyboard in Resources */ = {isa = PBXBuildFile; fileRef = A532DB2D26889ACC00076260 /* LaunchScreen.storyboard */; };
		A532DB3A26889ACC00076260 /* PullgoTests.swift in Sources */ = {isa = PBXBuildFile; fileRef = A532DB3926889ACC00076260 /* PullgoTests.swift */; };
		A532DB5526889BD700076260 /* Alamofire in Frameworks */ = {isa = PBXBuildFile; productRef = A532DB5426889BD700076260 /* Alamofire */; };
		A532DDAA269F295C007C9A34 /* TeacherCalendarSelectViewController.swift in Sources */ = {isa = PBXBuildFile; fileRef = A532DDA9269F295C007C9A34 /* TeacherCalendarSelectViewController.swift */; };
		A535E99926F731E200C6F1D8 /* PGNetworkable.swift in Sources */ = {isa = PBXBuildFile; fileRef = A535E99826F731E200C6F1D8 /* PGNetworkable.swift */; };
		A535FD352708D84F009C4D9D /* RxCocoa in Frameworks */ = {isa = PBXBuildFile; productRef = A535FD342708D84F009C4D9D /* RxCocoa */; };
		A535FD372708D84F009C4D9D /* RxSwift in Frameworks */ = {isa = PBXBuildFile; productRef = A535FD362708D84F009C4D9D /* RxSwift */; };
		A53EA48226A5402F00AFF799 /* TeacherLessonDetailViewController.swift in Sources */ = {isa = PBXBuildFile; fileRef = A53EA48126A5402F00AFF799 /* TeacherLessonDetailViewController.swift */; };
		A54A020127143700007E47BB /* StudentChangeInfoTableViewController.swift in Sources */ = {isa = PBXBuildFile; fileRef = A54A020027143700007E47BB /* StudentChangeInfoTableViewController.swift */; };
		A54A0203271489E0007E47BB /* StudentChangePasswordViewController.swift in Sources */ = {isa = PBXBuildFile; fileRef = A54A0202271489E0007E47BB /* StudentChangePasswordViewController.swift */; };
		A554549727109E3700CCC987 /* StudentViewSwitcher.swift in Sources */ = {isa = PBXBuildFile; fileRef = A554549627109E3700CCC987 /* StudentViewSwitcher.swift */; };
		A554549F2710A05B00CCC987 /* StudentExamListViewController.swift in Sources */ = {isa = PBXBuildFile; fileRef = A554549E2710A05B00CCC987 /* StudentExamListViewController.swift */; };
		A55454A12710A07800CCC987 /* StudentExamHistoryViewController.swift in Sources */ = {isa = PBXBuildFile; fileRef = A55454A02710A07800CCC987 /* StudentExamHistoryViewController.swift */; };
		A55454A32710A08900CCC987 /* StudentClassroomJoinRequestViewController.swift in Sources */ = {isa = PBXBuildFile; fileRef = A55454A22710A08900CCC987 /* StudentClassroomJoinRequestViewController.swift */; };
		A55454A52710A09200CCC987 /* StudentChangeInfoViewController.swift in Sources */ = {isa = PBXBuildFile; fileRef = A55454A42710A09200CCC987 /* StudentChangeInfoViewController.swift */; };
		A55454A72710A0A200CCC987 /* StudentManageSendRequestViewController.swift in Sources */ = {isa = PBXBuildFile; fileRef = A55454A62710A0A200CCC987 /* StudentManageSendRequestViewController.swift */; };
		A55454A92710A11300CCC987 /* StudentSideMenuViewController.swift in Sources */ = {isa = PBXBuildFile; fileRef = A55454A82710A11300CCC987 /* StudentSideMenuViewController.swift */; };
		A55454AE2710AB0D00CCC987 /* Student.storyboard in Resources */ = {isa = PBXBuildFile; fileRef = A55454AD2710AB0D00CCC987 /* Student.storyboard */; };
		A55454B02710B23500CCC987 /* StudentAcademyJoinRequestViewController.swift in Sources */ = {isa = PBXBuildFile; fileRef = A55454AF2710B23500CCC987 /* StudentAcademyJoinRequestViewController.swift */; };
		A55454B22710BF7D00CCC987 /* SharedUI.swift in Sources */ = {isa = PBXBuildFile; fileRef = A55454B12710BF7D00CCC987 /* SharedUI.swift */; };
		A55A516A27135CFA00CE041E /* ClassroomAcceptTeacherViewController.swift in Sources */ = {isa = PBXBuildFile; fileRef = A55A516927135CFA00CE041E /* ClassroomAcceptTeacherViewController.swift */; };
		A55A516C27135D0800CE041E /* ClassroomAcceptStudentViewController.swift in Sources */ = {isa = PBXBuildFile; fileRef = A55A516B27135D0800CE041E /* ClassroomAcceptStudentViewController.swift */; };
		A55D3FB92697261D009DC6B7 /* FindAccountViewController.swift in Sources */ = {isa = PBXBuildFile; fileRef = A55D3FB82697261D009DC6B7 /* FindAccountViewController.swift */; };
		A55D3FBB26972651009DC6B7 /* FindAccountTest.swift in Sources */ = {isa = PBXBuildFile; fileRef = A55D3FBA26972651009DC6B7 /* FindAccountTest.swift */; };
		A568CCB326FB3B8B00B96DF0 /* TeacherSignUpTest.swift in Sources */ = {isa = PBXBuildFile; fileRef = A568CCB226FB3B8B00B96DF0 /* TeacherSignUpTest.swift */; };
		A569C795271175A400D280EB /* StudentCalendarSelectViewController.swift in Sources */ = {isa = PBXBuildFile; fileRef = A569C794271175A400D280EB /* StudentCalendarSelectViewController.swift */; };
		A56FB384270DD74A001A5F21 /* AcademyAcceptTeacherViewController.swift in Sources */ = {isa = PBXBuildFile; fileRef = A56FB383270DD74A001A5F21 /* AcademyAcceptTeacherViewController.swift */; };
		A56FB386270DD778001A5F21 /* AcademyAcceptStudentViewController.swift in Sources */ = {isa = PBXBuildFile; fileRef = A56FB385270DD778001A5F21 /* AcademyAcceptStudentViewController.swift */; };
		A56FB388270DE665001A5F21 /* ButtonBarPagerExtension.swift in Sources */ = {isa = PBXBuildFile; fileRef = A56FB387270DE665001A5F21 /* ButtonBarPagerExtension.swift */; };
		A573203C2705A4A200951638 /* TeacherAcademyJoinRequestViewController.swift in Sources */ = {isa = PBXBuildFile; fileRef = A573203B2705A4A200951638 /* TeacherAcademyJoinRequestViewController.swift */; };
		A5780AAE26AC4A6D007F6A88 /* TeacherClassroomManageExamViewController.swift in Sources */ = {isa = PBXBuildFile; fileRef = A5780AAD26AC4A6D007F6A88 /* TeacherClassroomManageExamViewController.swift */; };
		A5780AB026AC4A7D007F6A88 /* TeacherClassroomManageRequestViewController.swift in Sources */ = {isa = PBXBuildFile; fileRef = A5780AAF26AC4A7D007F6A88 /* TeacherClassroomManageRequestViewController.swift */; };
		A5780AB226AC4A7E007F6A88 /* TeacherClassroomManageStudentViewController.swift in Sources */ = {isa = PBXBuildFile; fileRef = A5780AB126AC4A7E007F6A88 /* TeacherClassroomManageStudentViewController.swift */; };
		A5780AB426AC4A7F007F6A88 /* TeacherClassroomManageInfoViewController.swift in Sources */ = {isa = PBXBuildFile; fileRef = A5780AB326AC4A7F007F6A88 /* TeacherClassroomManageInfoViewController.swift */; };
		A57F5CED2695F2BE00A603DD /* Account.swift in Sources */ = {isa = PBXBuildFile; fileRef = A57F5CEC2695F2BE00A603DD /* Account.swift */; };
		A57FE018268F220700B1E609 /* InputPasswordViewController.swift in Sources */ = {isa = PBXBuildFile; fileRef = A57FE017268F220700B1E609 /* InputPasswordViewController.swift */; };
		A57FE01A268F256B00B1E609 /* SignUpStatusProtocol.swift in Sources */ = {isa = PBXBuildFile; fileRef = A57FE019268F256B00B1E609 /* SignUpStatusProtocol.swift */; };
		A57FE01C268F401300B1E609 /* SignUpInformation.swift in Sources */ = {isa = PBXBuildFile; fileRef = A57FE01B268F401300B1E609 /* SignUpInformation.swift */; };
		A57FE01E268F443600B1E609 /* InputNamePhoneViewController.swift in Sources */ = {isa = PBXBuildFile; fileRef = A57FE01D268F443600B1E609 /* InputNamePhoneViewController.swift */; };
		A580B1F92709861600377D72 /* RxCocoa in Frameworks */ = {isa = PBXBuildFile; productRef = A580B1F82709861600377D72 /* RxCocoa */; };
		A580B1FB2709861600377D72 /* RxSwift in Frameworks */ = {isa = PBXBuildFile; productRef = A580B1FA2709861600377D72 /* RxSwift */; };
		A584BA22271069410038EAE7 /* TeacherManageSendRequestViewController.swift in Sources */ = {isa = PBXBuildFile; fileRef = A584BA21271069410038EAE7 /* TeacherManageSendRequestViewController.swift */; };
		A58E7A0D269758CC005FFC6F /* Teacher.storyboard in Resources */ = {isa = PBXBuildFile; fileRef = A58E7A0C269758CC005FFC6F /* Teacher.storyboard */; };
		A58E7A11269758F6005FFC6F /* TeacherCalenderViewController.swift in Sources */ = {isa = PBXBuildFile; fileRef = A58E7A10269758F6005FFC6F /* TeacherCalenderViewController.swift */; };
		A58E7A1526975B0D005FFC6F /* TeacherUITest.swift in Sources */ = {isa = PBXBuildFile; fileRef = A58E7A13269759F5005FFC6F /* TeacherUITest.swift */; };
		A59051F52723DB4D00439840 /* TeacherManageExamTabViewController.swift in Sources */ = {isa = PBXBuildFile; fileRef = A59051F42723DB4D00439840 /* TeacherManageExamTabViewController.swift */; };
		A59051F72723DBAE00439840 /* TeacherExamEditViewController.swift in Sources */ = {isa = PBXBuildFile; fileRef = A59051F62723DBAE00439840 /* TeacherExamEditViewController.swift */; };
		A59051F92723DBD100439840 /* TeacherRemoveExamViewController.swift in Sources */ = {isa = PBXBuildFile; fileRef = A59051F82723DBD100439840 /* TeacherRemoveExamViewController.swift */; };
		A591BAFB270435A00089F28D /* PullgoUITest.swift in Sources */ = {isa = PBXBuildFile; fileRef = A591BAFA270435A00089F28D /* PullgoUITest.swift */; };
		A5A8EF61270C2BA60036389D /* TeacherChangeInfoViewController.swift in Sources */ = {isa = PBXBuildFile; fileRef = A5A8EF60270C2BA60036389D /* TeacherChangeInfoViewController.swift */; };
		A5A8EF63270C34230036389D /* TeacherInputNewInfoViewController.swift in Sources */ = {isa = PBXBuildFile; fileRef = A5A8EF62270C34230036389D /* TeacherInputNewInfoViewController.swift */; };
		A5B1A59D26E2055500E5D8B2 /* SnapKit in Frameworks */ = {isa = PBXBuildFile; productRef = A5B1A59C26E2055500E5D8B2 /* SnapKit */; };
		A5B1A59F26E205A300E5D8B2 /* DatePickerViewController.swift in Sources */ = {isa = PBXBuildFile; fileRef = A5B1A59E26E205A300E5D8B2 /* DatePickerViewController.swift */; };
		A5B469AC2688DA8A00C62F9C /* Presentor.swift in Sources */ = {isa = PBXBuildFile; fileRef = A5B469AB2688DA8A00C62F9C /* Presentor.swift */; };
		A5B469AF2688DF7200C62F9C /* UserType.swift in Sources */ = {isa = PBXBuildFile; fileRef = A5B469AE2688DF7200C62F9C /* UserType.swift */; };
		A5B469B32688E9F600C62F9C /* Student.swift in Sources */ = {isa = PBXBuildFile; fileRef = A5B469B22688E9F600C62F9C /* Student.swift */; };
		A5B469B52688EA7000C62F9C /* Teacher.swift in Sources */ = {isa = PBXBuildFile; fileRef = A5B469B42688EA7000C62F9C /* Teacher.swift */; };
		A5B4CD5C26898E9800FA2967 /* thumbs-up.png in Resources */ = {isa = PBXBuildFile; fileRef = A5B4CD5B26898E9800FA2967 /* thumbs-up.png */; };
		A5B4CD602689942200FA2967 /* PGNetwork.swift in Sources */ = {isa = PBXBuildFile; fileRef = A5B4CD5F2689942200FA2967 /* PGNetwork.swift */; };
		A5B5CDC3270700B700AC9F7F /* TeacherClassroomDetailStudentViewController.swift in Sources */ = {isa = PBXBuildFile; fileRef = A5B5CDC2270700B700AC9F7F /* TeacherClassroomDetailStudentViewController.swift */; };
		A5BB71B126A689C500131C9D /* TeacherClassroomDetailSegue.swift in Sources */ = {isa = PBXBuildFile; fileRef = A5BB71B026A689C500131C9D /* TeacherClassroomDetailSegue.swift */; };
		A5BCA9EA26A41651008AD3F6 /* TeacherCreateLessonSegue.swift in Sources */ = {isa = PBXBuildFile; fileRef = A5BCA9E926A41651008AD3F6 /* TeacherCreateLessonSegue.swift */; };
		A5C60EB426A358DB007795C0 /* TeacherCreateLesson_SelectClassroomViewController.swift in Sources */ = {isa = PBXBuildFile; fileRef = A5C60EB326A358DB007795C0 /* TeacherCreateLesson_SelectClassroomViewController.swift */; };
		A5C95ECC2691874000F19A55 /* InputDetailViewController.swift in Sources */ = {isa = PBXBuildFile; fileRef = A5C95ECB2691874000F19A55 /* InputDetailViewController.swift */; };
		A5CFCCAA26DE26E70069F536 /* PGButton.swift in Sources */ = {isa = PBXBuildFile; fileRef = A5CFCCA926DE26E70069F536 /* PGButton.swift */; };
		A5CFCCAC26DE29240069F536 /* PGTextField.swift in Sources */ = {isa = PBXBuildFile; fileRef = A5CFCCAB26DE29240069F536 /* PGTextField.swift */; };
		A5D0341027096AA800732C9D /* TeacherClassroomKickTeacherViewController.swift in Sources */ = {isa = PBXBuildFile; fileRef = A5D0340F27096AA800732C9D /* TeacherClassroomKickTeacherViewController.swift */; };
		A5D1F7BB270DC03D00453A7C /* TeacherApplyAcademyJoinRequestViewController.swift in Sources */ = {isa = PBXBuildFile; fileRef = A5D1F7BA270DC03D00453A7C /* TeacherApplyAcademyJoinRequestViewController.swift */; };
		A5DF4A67270F371F004E389B /* StudentSignUpTest.swift in Sources */ = {isa = PBXBuildFile; fileRef = A5DF4A66270F3623004E389B /* StudentSignUpTest.swift */; };
		A5DF4A68270F3720004E389B /* StudentSignUpTest.swift in Sources */ = {isa = PBXBuildFile; fileRef = A5DF4A66270F3623004E389B /* StudentSignUpTest.swift */; };
		A5E7C0ED26C66CC10083001C /* StudentCalendarViewController.swift in Sources */ = {isa = PBXBuildFile; fileRef = A5E7C0EC26C66CC10083001C /* StudentCalendarViewController.swift */; };
		A5EC2ADB2697E4F400D310E0 /* FSCalendar in Frameworks */ = {isa = PBXBuildFile; productRef = A5EC2ADA2697E4F400D310E0 /* FSCalendar */; };
		A5EC2ADE2697E9A400D310E0 /* SideMenu in Frameworks */ = {isa = PBXBuildFile; productRef = A5EC2ADD2697E9A400D310E0 /* SideMenu */; };
		A5EDB213268D8A960085CCAE /* Keyboard.swift in Sources */ = {isa = PBXBuildFile; fileRef = A5EDB212268D8A960085CCAE /* Keyboard.swift */; };
		A5EDB215268D931B0085CCAE /* SignUpViewController.swift in Sources */ = {isa = PBXBuildFile; fileRef = A5EDB214268D931B0085CCAE /* SignUpViewController.swift */; };
		A5EDB217268D93A90085CCAE /* Style.swift in Sources */ = {isa = PBXBuildFile; fileRef = A5EDB216268D93A90085CCAE /* Style.swift */; };
		A5EFD39526A16B3E001637FB /* TeacherClassroomManageViewController.swift in Sources */ = {isa = PBXBuildFile; fileRef = A5EFD39426A16B3E001637FB /* TeacherClassroomManageViewController.swift */; };
		A5F5E65E26BC2D520004BA35 /* TeacherAddExamViewController.swift in Sources */ = {isa = PBXBuildFile; fileRef = A5F5E65D26BC2D520004BA35 /* TeacherAddExamViewController.swift */; };
		A5F5E66126BC3E100004BA35 /* TeacherAddExamDateViewController.swift in Sources */ = {isa = PBXBuildFile; fileRef = A5F5E66026BC3E100004BA35 /* TeacherAddExamDateViewController.swift */; };
		A5F7F1A626A303F600487BF7 /* TeacherRequestClassroomJoinViewController.swift in Sources */ = {isa = PBXBuildFile; fileRef = A5F7F1A526A303F600487BF7 /* TeacherRequestClassroomJoinViewController.swift */; };
		A5F96A9727227524004E8812 /* TeacherClassroomChangeInfoViewController.swift in Sources */ = {isa = PBXBuildFile; fileRef = A5F96A9627227524004E8812 /* TeacherClassroomChangeInfoViewController.swift */; };
		A5F96A992722754C004E8812 /* TeacherClassroomRemoveViewController.swift in Sources */ = {isa = PBXBuildFile; fileRef = A5F96A982722754C004E8812 /* TeacherClassroomRemoveViewController.swift */; };
		A5FB031026A04071007FCDB7 /* TeacherCreateLessonViewController.swift in Sources */ = {isa = PBXBuildFile; fileRef = A5FB030F26A04071007FCDB7 /* TeacherCreateLessonViewController.swift */; };
		A5FB031226A0574C007FCDB7 /* TeacherViewSwitcher.swift in Sources */ = {isa = PBXBuildFile; fileRef = A5FB031126A0574C007FCDB7 /* TeacherViewSwitcher.swift */; };
		A5FB031526A05C2D007FCDB7 /* TeacherMenuViewController.swift in Sources */ = {isa = PBXBuildFile; fileRef = A5FB031426A05C2D007FCDB7 /* TeacherMenuViewController.swift */; };
		A5FB031826A09162007FCDB7 /* SideMenuPresentStyleExtension.swift in Sources */ = {isa = PBXBuildFile; fileRef = A5FB031726A09162007FCDB7 /* SideMenuPresentStyleExtension.swift */; };
		E8FA77E80E75A8B78F6F91BB /* Pods_Pullgo_PullgoUITests.framework in Frameworks */ = {isa = PBXBuildFile; fileRef = 6C1F00BFEEAAF5A7BF1FB867 /* Pods_Pullgo_PullgoUITests.framework */; };
/* End PBXBuildFile section */

/* Begin PBXContainerItemProxy section */
		A532DB3626889ACC00076260 /* PBXContainerItemProxy */ = {
			isa = PBXContainerItemProxy;
			containerPortal = A532DB1726889ACB00076260 /* Project object */;
			proxyType = 1;
			remoteGlobalIDString = A532DB1E26889ACB00076260;
			remoteInfo = Pullgo;
		};
		A532DB4126889ACC00076260 /* PBXContainerItemProxy */ = {
			isa = PBXContainerItemProxy;
			containerPortal = A532DB1726889ACB00076260 /* Project object */;
			proxyType = 1;
			remoteGlobalIDString = A532DB1E26889ACB00076260;
			remoteInfo = Pullgo;
		};
/* End PBXContainerItemProxy section */

/* Begin PBXFileReference section */
		023C7437D2701295ABA27959 /* Pods-Pullgo-PullgoUITests.release.xcconfig */ = {isa = PBXFileReference; includeInIndex = 1; lastKnownFileType = text.xcconfig; name = "Pods-Pullgo-PullgoUITests.release.xcconfig"; path = "Target Support Files/Pods-Pullgo-PullgoUITests/Pods-Pullgo-PullgoUITests.release.xcconfig"; sourceTree = "<group>"; };
		2D7CCF18C074C9D8C1652D63 /* Pods-Pullgo-PullgoTests.debug.xcconfig */ = {isa = PBXFileReference; includeInIndex = 1; lastKnownFileType = text.xcconfig; name = "Pods-Pullgo-PullgoTests.debug.xcconfig"; path = "Target Support Files/Pods-Pullgo-PullgoTests/Pods-Pullgo-PullgoTests.debug.xcconfig"; sourceTree = "<group>"; };
		3F821FC9BEE8482EBFE6B0AE /* Pods-Pullgo-PullgoTests.release.xcconfig */ = {isa = PBXFileReference; includeInIndex = 1; lastKnownFileType = text.xcconfig; name = "Pods-Pullgo-PullgoTests.release.xcconfig"; path = "Target Support Files/Pods-Pullgo-PullgoTests/Pods-Pullgo-PullgoTests.release.xcconfig"; sourceTree = "<group>"; };
		6C1F00BFEEAAF5A7BF1FB867 /* Pods_Pullgo_PullgoUITests.framework */ = {isa = PBXFileReference; explicitFileType = wrapper.framework; includeInIndex = 0; path = Pods_Pullgo_PullgoUITests.framework; sourceTree = BUILT_PRODUCTS_DIR; };
		77EC8C9A50C7B34F5170EA4E /* Pods_Pullgo.framework */ = {isa = PBXFileReference; explicitFileType = wrapper.framework; includeInIndex = 0; path = Pods_Pullgo.framework; sourceTree = BUILT_PRODUCTS_DIR; };
		9BE205AB6A44D209E3814BEC /* Pods_Pullgo_PullgoTests.framework */ = {isa = PBXFileReference; explicitFileType = wrapper.framework; includeInIndex = 0; path = Pods_Pullgo_PullgoTests.framework; sourceTree = BUILT_PRODUCTS_DIR; };
		A2A742CB25288F7C88BC57FC /* Pods-Pullgo.release.xcconfig */ = {isa = PBXFileReference; includeInIndex = 1; lastKnownFileType = text.xcconfig; name = "Pods-Pullgo.release.xcconfig"; path = "Target Support Files/Pods-Pullgo/Pods-Pullgo.release.xcconfig"; sourceTree = "<group>"; };
		A505A8EA26B3DF1E007954A4 /* TeacherCreateClassroomViewController.swift */ = {isa = PBXFileReference; lastKnownFileType = sourcecode.swift; path = TeacherCreateClassroomViewController.swift; sourceTree = "<group>"; };
		A505A8ED26B44F0F007954A4 /* TeacherCreateClassroomSelectAcademyViewController.swift */ = {isa = PBXFileReference; lastKnownFileType = sourcecode.swift; path = TeacherCreateClassroomSelectAcademyViewController.swift; sourceTree = "<group>"; };
		A508196626E748320094A50C /* Animation.swift */ = {isa = PBXFileReference; lastKnownFileType = sourcecode.swift; path = Animation.swift; sourceTree = "<group>"; };
		A508196826E780A00094A50C /* PGSelectButton.swift */ = {isa = PBXFileReference; lastKnownFileType = sourcecode.swift; path = PGSelectButton.swift; sourceTree = "<group>"; };
		A50FABB0271A929400BDD614 /* TeacherChangePasswordViewController.swift */ = {isa = PBXFileReference; lastKnownFileType = sourcecode.swift; path = TeacherChangePasswordViewController.swift; sourceTree = "<group>"; };
		A5191493268DC27300620A66 /* InputUsernameViewController.swift */ = {isa = PBXFileReference; lastKnownFileType = sourcecode.swift; path = InputUsernameViewController.swift; sourceTree = "<group>"; };
		A5191495268DCC1500620A66 /* Extension.swift */ = {isa = PBXFileReference; lastKnownFileType = sourcecode.swift; path = Extension.swift; sourceTree = "<group>"; };
		A51D238A26FDBBE400466C05 /* PGUnregisteredNotification.swift */ = {isa = PBXFileReference; lastKnownFileType = sourcecode.swift; path = PGUnregisteredNotification.swift; sourceTree = "<group>"; };
		A520AAD526EE3BCB0099CD94 /* PGSelectionTab.swift */ = {isa = PBXFileReference; lastKnownFileType = sourcecode.swift; path = PGSelectionTab.swift; sourceTree = "<group>"; };
		A52904532704462E00B9344C /* CheckCreatedAccountTest.swift */ = {isa = PBXFileReference; lastKnownFileType = sourcecode.swift; path = CheckCreatedAccountTest.swift; sourceTree = "<group>"; };
		A5293761269ACCCD00B210C2 /* Classroom.swift */ = {isa = PBXFileReference; lastKnownFileType = sourcecode.swift; path = Classroom.swift; sourceTree = "<group>"; };
		A5293763269ACCD700B210C2 /* Academy.swift */ = {isa = PBXFileReference; lastKnownFileType = sourcecode.swift; path = Academy.swift; sourceTree = "<group>"; };
		A5293765269ACCE200B210C2 /* Lesson.swift */ = {isa = PBXFileReference; lastKnownFileType = sourcecode.swift; path = Lesson.swift; sourceTree = "<group>"; };
		A5293767269ACCE700B210C2 /* Exam.swift */ = {isa = PBXFileReference; lastKnownFileType = sourcecode.swift; path = Exam.swift; sourceTree = "<group>"; };
		A5293769269ACCED00B210C2 /* Question.swift */ = {isa = PBXFileReference; lastKnownFileType = sourcecode.swift; path = Question.swift; sourceTree = "<group>"; };
		A529376B269AD62A00B210C2 /* Schedule.swift */ = {isa = PBXFileReference; lastKnownFileType = sourcecode.swift; path = Schedule.swift; sourceTree = "<group>"; };
		A529377A269AE4CA00B210C2 /* Messages.swift */ = {isa = PBXFileReference; lastKnownFileType = sourcecode.swift; path = Messages.swift; sourceTree = "<group>"; };
		A52EA6FE271598230000AC73 /* StudentManageSendRequestAcademyViewController.swift */ = {isa = PBXFileReference; lastKnownFileType = sourcecode.swift; path = StudentManageSendRequestAcademyViewController.swift; sourceTree = "<group>"; };
		A52EA7022715988E0000AC73 /* StudentManageSendRequestClassroomViewController.swift */ = {isa = PBXFileReference; lastKnownFileType = sourcecode.swift; path = StudentManageSendRequestClassroomViewController.swift; sourceTree = "<group>"; };
		A52F8BA926BD32F9005AA7DC /* TeacherSelectExamDateViewController.swift */ = {isa = PBXFileReference; lastKnownFileType = sourcecode.swift; path = TeacherSelectExamDateViewController.swift; sourceTree = "<group>"; };
		A532DB1F26889ACB00076260 /* Pullgo.app */ = {isa = PBXFileReference; explicitFileType = wrapper.application; includeInIndex = 0; path = Pullgo.app; sourceTree = BUILT_PRODUCTS_DIR; };
		A532DB2226889ACB00076260 /* AppDelegate.swift */ = {isa = PBXFileReference; lastKnownFileType = sourcecode.swift; path = AppDelegate.swift; sourceTree = "<group>"; };
		A532DB2426889ACB00076260 /* SceneDelegate.swift */ = {isa = PBXFileReference; lastKnownFileType = sourcecode.swift; path = SceneDelegate.swift; sourceTree = "<group>"; };
		A532DB2626889ACB00076260 /* SignInViewController.swift */ = {isa = PBXFileReference; lastKnownFileType = sourcecode.swift; path = SignInViewController.swift; sourceTree = "<group>"; };
		A532DB2926889ACB00076260 /* Base */ = {isa = PBXFileReference; lastKnownFileType = file.storyboard; name = Base; path = Base.lproj/Main.storyboard; sourceTree = "<group>"; };
		A532DB2B26889ACC00076260 /* Assets.xcassets */ = {isa = PBXFileReference; lastKnownFileType = folder.assetcatalog; path = Assets.xcassets; sourceTree = "<group>"; };
		A532DB2E26889ACC00076260 /* Base */ = {isa = PBXFileReference; lastKnownFileType = file.storyboard; name = Base; path = Base.lproj/LaunchScreen.storyboard; sourceTree = "<group>"; };
		A532DB3026889ACC00076260 /* Info.plist */ = {isa = PBXFileReference; lastKnownFileType = text.plist.xml; path = Info.plist; sourceTree = "<group>"; };
		A532DB3526889ACC00076260 /* PullgoTests.xctest */ = {isa = PBXFileReference; explicitFileType = wrapper.cfbundle; includeInIndex = 0; path = PullgoTests.xctest; sourceTree = BUILT_PRODUCTS_DIR; };
		A532DB3926889ACC00076260 /* PullgoTests.swift */ = {isa = PBXFileReference; lastKnownFileType = sourcecode.swift; path = PullgoTests.swift; sourceTree = "<group>"; };
		A532DB3B26889ACC00076260 /* Info.plist */ = {isa = PBXFileReference; lastKnownFileType = text.plist.xml; path = Info.plist; sourceTree = "<group>"; };
		A532DB4026889ACC00076260 /* PullgoUITests.xctest */ = {isa = PBXFileReference; explicitFileType = wrapper.cfbundle; includeInIndex = 0; path = PullgoUITests.xctest; sourceTree = BUILT_PRODUCTS_DIR; };
		A532DB4626889ACC00076260 /* Info.plist */ = {isa = PBXFileReference; lastKnownFileType = text.plist.xml; path = Info.plist; sourceTree = "<group>"; };
		A532DDA9269F295C007C9A34 /* TeacherCalendarSelectViewController.swift */ = {isa = PBXFileReference; lastKnownFileType = sourcecode.swift; path = TeacherCalendarSelectViewController.swift; sourceTree = "<group>"; };
		A535E99826F731E200C6F1D8 /* PGNetworkable.swift */ = {isa = PBXFileReference; lastKnownFileType = sourcecode.swift; path = PGNetworkable.swift; sourceTree = "<group>"; };
		A53EA48126A5402F00AFF799 /* TeacherLessonDetailViewController.swift */ = {isa = PBXFileReference; lastKnownFileType = sourcecode.swift; path = TeacherLessonDetailViewController.swift; sourceTree = "<group>"; };
		A54A020027143700007E47BB /* StudentChangeInfoTableViewController.swift */ = {isa = PBXFileReference; lastKnownFileType = sourcecode.swift; path = StudentChangeInfoTableViewController.swift; sourceTree = "<group>"; };
		A54A0202271489E0007E47BB /* StudentChangePasswordViewController.swift */ = {isa = PBXFileReference; lastKnownFileType = sourcecode.swift; path = StudentChangePasswordViewController.swift; sourceTree = "<group>"; };
		A554549627109E3700CCC987 /* StudentViewSwitcher.swift */ = {isa = PBXFileReference; lastKnownFileType = sourcecode.swift; path = StudentViewSwitcher.swift; sourceTree = "<group>"; };
		A554549E2710A05B00CCC987 /* StudentExamListViewController.swift */ = {isa = PBXFileReference; lastKnownFileType = sourcecode.swift; path = StudentExamListViewController.swift; sourceTree = "<group>"; };
		A55454A02710A07800CCC987 /* StudentExamHistoryViewController.swift */ = {isa = PBXFileReference; lastKnownFileType = sourcecode.swift; path = StudentExamHistoryViewController.swift; sourceTree = "<group>"; };
		A55454A22710A08900CCC987 /* StudentClassroomJoinRequestViewController.swift */ = {isa = PBXFileReference; lastKnownFileType = sourcecode.swift; path = StudentClassroomJoinRequestViewController.swift; sourceTree = "<group>"; };
		A55454A42710A09200CCC987 /* StudentChangeInfoViewController.swift */ = {isa = PBXFileReference; lastKnownFileType = sourcecode.swift; path = StudentChangeInfoViewController.swift; sourceTree = "<group>"; };
		A55454A62710A0A200CCC987 /* StudentManageSendRequestViewController.swift */ = {isa = PBXFileReference; lastKnownFileType = sourcecode.swift; path = StudentManageSendRequestViewController.swift; sourceTree = "<group>"; };
		A55454A82710A11300CCC987 /* StudentSideMenuViewController.swift */ = {isa = PBXFileReference; lastKnownFileType = sourcecode.swift; path = StudentSideMenuViewController.swift; sourceTree = "<group>"; };
		A55454AD2710AB0D00CCC987 /* Student.storyboard */ = {isa = PBXFileReference; lastKnownFileType = file.storyboard; path = Student.storyboard; sourceTree = "<group>"; };
		A55454AF2710B23500CCC987 /* StudentAcademyJoinRequestViewController.swift */ = {isa = PBXFileReference; lastKnownFileType = sourcecode.swift; path = StudentAcademyJoinRequestViewController.swift; sourceTree = "<group>"; };
		A55454B12710BF7D00CCC987 /* SharedUI.swift */ = {isa = PBXFileReference; lastKnownFileType = sourcecode.swift; path = SharedUI.swift; sourceTree = "<group>"; };
		A55A516927135CFA00CE041E /* ClassroomAcceptTeacherViewController.swift */ = {isa = PBXFileReference; lastKnownFileType = sourcecode.swift; path = ClassroomAcceptTeacherViewController.swift; sourceTree = "<group>"; };
		A55A516B27135D0800CE041E /* ClassroomAcceptStudentViewController.swift */ = {isa = PBXFileReference; lastKnownFileType = sourcecode.swift; path = ClassroomAcceptStudentViewController.swift; sourceTree = "<group>"; };
		A55D3FB82697261D009DC6B7 /* FindAccountViewController.swift */ = {isa = PBXFileReference; lastKnownFileType = sourcecode.swift; path = FindAccountViewController.swift; sourceTree = "<group>"; };
		A55D3FBA26972651009DC6B7 /* FindAccountTest.swift */ = {isa = PBXFileReference; lastKnownFileType = sourcecode.swift; path = FindAccountTest.swift; sourceTree = "<group>"; };
		A568CCB226FB3B8B00B96DF0 /* TeacherSignUpTest.swift */ = {isa = PBXFileReference; lastKnownFileType = sourcecode.swift; path = TeacherSignUpTest.swift; sourceTree = "<group>"; };
		A569C794271175A400D280EB /* StudentCalendarSelectViewController.swift */ = {isa = PBXFileReference; lastKnownFileType = sourcecode.swift; path = StudentCalendarSelectViewController.swift; sourceTree = "<group>"; };
		A56FB383270DD74A001A5F21 /* AcademyAcceptTeacherViewController.swift */ = {isa = PBXFileReference; lastKnownFileType = sourcecode.swift; path = AcademyAcceptTeacherViewController.swift; sourceTree = "<group>"; };
		A56FB385270DD778001A5F21 /* AcademyAcceptStudentViewController.swift */ = {isa = PBXFileReference; lastKnownFileType = sourcecode.swift; path = AcademyAcceptStudentViewController.swift; sourceTree = "<group>"; };
		A56FB387270DE665001A5F21 /* ButtonBarPagerExtension.swift */ = {isa = PBXFileReference; lastKnownFileType = sourcecode.swift; path = ButtonBarPagerExtension.swift; sourceTree = "<group>"; };
		A573203B2705A4A200951638 /* TeacherAcademyJoinRequestViewController.swift */ = {isa = PBXFileReference; lastKnownFileType = sourcecode.swift; path = TeacherAcademyJoinRequestViewController.swift; sourceTree = "<group>"; };
		A5780AAD26AC4A6D007F6A88 /* TeacherClassroomManageExamViewController.swift */ = {isa = PBXFileReference; lastKnownFileType = sourcecode.swift; path = TeacherClassroomManageExamViewController.swift; sourceTree = "<group>"; };
		A5780AAF26AC4A7D007F6A88 /* TeacherClassroomManageRequestViewController.swift */ = {isa = PBXFileReference; lastKnownFileType = sourcecode.swift; path = TeacherClassroomManageRequestViewController.swift; sourceTree = "<group>"; };
		A5780AB126AC4A7E007F6A88 /* TeacherClassroomManageStudentViewController.swift */ = {isa = PBXFileReference; lastKnownFileType = sourcecode.swift; path = TeacherClassroomManageStudentViewController.swift; sourceTree = "<group>"; };
		A5780AB326AC4A7F007F6A88 /* TeacherClassroomManageInfoViewController.swift */ = {isa = PBXFileReference; lastKnownFileType = sourcecode.swift; path = TeacherClassroomManageInfoViewController.swift; sourceTree = "<group>"; };
		A57F5CEC2695F2BE00A603DD /* Account.swift */ = {isa = PBXFileReference; fileEncoding = 4; lastKnownFileType = sourcecode.swift; path = Account.swift; sourceTree = "<group>"; };
		A57FE017268F220700B1E609 /* InputPasswordViewController.swift */ = {isa = PBXFileReference; lastKnownFileType = sourcecode.swift; path = InputPasswordViewController.swift; sourceTree = "<group>"; };
		A57FE019268F256B00B1E609 /* SignUpStatusProtocol.swift */ = {isa = PBXFileReference; lastKnownFileType = sourcecode.swift; path = SignUpStatusProtocol.swift; sourceTree = "<group>"; };
		A57FE01B268F401300B1E609 /* SignUpInformation.swift */ = {isa = PBXFileReference; lastKnownFileType = sourcecode.swift; path = SignUpInformation.swift; sourceTree = "<group>"; };
		A57FE01D268F443600B1E609 /* InputNamePhoneViewController.swift */ = {isa = PBXFileReference; lastKnownFileType = sourcecode.swift; path = InputNamePhoneViewController.swift; sourceTree = "<group>"; };
		A58480B727037F8900C7DDA5 /* PGPlayground.playground */ = {isa = PBXFileReference; lastKnownFileType = file.playground; name = PGPlayground.playground; path = Pullgo/PGPlayground.playground; sourceTree = SOURCE_ROOT; xcLanguageSpecificationIdentifier = xcode.lang.swift; };
		A584BA21271069410038EAE7 /* TeacherManageSendRequestViewController.swift */ = {isa = PBXFileReference; lastKnownFileType = sourcecode.swift; path = TeacherManageSendRequestViewController.swift; sourceTree = "<group>"; };
		A58E7A0C269758CC005FFC6F /* Teacher.storyboard */ = {isa = PBXFileReference; lastKnownFileType = file.storyboard; path = Teacher.storyboard; sourceTree = "<group>"; };
		A58E7A10269758F6005FFC6F /* TeacherCalenderViewController.swift */ = {isa = PBXFileReference; lastKnownFileType = sourcecode.swift; path = TeacherCalenderViewController.swift; sourceTree = "<group>"; };
		A58E7A13269759F5005FFC6F /* TeacherUITest.swift */ = {isa = PBXFileReference; lastKnownFileType = sourcecode.swift; path = TeacherUITest.swift; sourceTree = "<group>"; };
		A59051F42723DB4D00439840 /* TeacherManageExamTabViewController.swift */ = {isa = PBXFileReference; lastKnownFileType = sourcecode.swift; path = TeacherManageExamTabViewController.swift; sourceTree = "<group>"; };
		A59051F62723DBAE00439840 /* TeacherExamEditViewController.swift */ = {isa = PBXFileReference; lastKnownFileType = sourcecode.swift; path = TeacherExamEditViewController.swift; sourceTree = "<group>"; };
		A59051F82723DBD100439840 /* TeacherRemoveExamViewController.swift */ = {isa = PBXFileReference; lastKnownFileType = sourcecode.swift; path = TeacherRemoveExamViewController.swift; sourceTree = "<group>"; };
		A591BAFA270435A00089F28D /* PullgoUITest.swift */ = {isa = PBXFileReference; lastKnownFileType = sourcecode.swift; path = PullgoUITest.swift; sourceTree = "<group>"; };
		A5A8EF60270C2BA60036389D /* TeacherChangeInfoViewController.swift */ = {isa = PBXFileReference; lastKnownFileType = sourcecode.swift; path = TeacherChangeInfoViewController.swift; sourceTree = "<group>"; };
		A5A8EF62270C34230036389D /* TeacherInputNewInfoViewController.swift */ = {isa = PBXFileReference; lastKnownFileType = sourcecode.swift; path = TeacherInputNewInfoViewController.swift; sourceTree = "<group>"; usesTabs = 1; };
		A5B1A59E26E205A300E5D8B2 /* DatePickerViewController.swift */ = {isa = PBXFileReference; lastKnownFileType = sourcecode.swift; name = DatePickerViewController.swift; path = Pullgo/TeacherView/Source/DatePickerView/DatePickerViewController.swift; sourceTree = SOURCE_ROOT; };
		A5B469AB2688DA8A00C62F9C /* Presentor.swift */ = {isa = PBXFileReference; lastKnownFileType = sourcecode.swift; path = Presentor.swift; sourceTree = "<group>"; };
		A5B469AE2688DF7200C62F9C /* UserType.swift */ = {isa = PBXFileReference; lastKnownFileType = sourcecode.swift; path = UserType.swift; sourceTree = "<group>"; };
		A5B469B22688E9F600C62F9C /* Student.swift */ = {isa = PBXFileReference; lastKnownFileType = sourcecode.swift; path = Student.swift; sourceTree = "<group>"; };
		A5B469B42688EA7000C62F9C /* Teacher.swift */ = {isa = PBXFileReference; lastKnownFileType = sourcecode.swift; path = Teacher.swift; sourceTree = "<group>"; };
		A5B4CD5B26898E9800FA2967 /* thumbs-up.png */ = {isa = PBXFileReference; lastKnownFileType = image.png; path = "thumbs-up.png"; sourceTree = "<group>"; };
		A5B4CD5F2689942200FA2967 /* PGNetwork.swift */ = {isa = PBXFileReference; lastKnownFileType = sourcecode.swift; path = PGNetwork.swift; sourceTree = "<group>"; };
		A5B5CDC2270700B700AC9F7F /* TeacherClassroomDetailStudentViewController.swift */ = {isa = PBXFileReference; lastKnownFileType = sourcecode.swift; path = TeacherClassroomDetailStudentViewController.swift; sourceTree = "<group>"; };
		A5BB71B026A689C500131C9D /* TeacherClassroomDetailSegue.swift */ = {isa = PBXFileReference; lastKnownFileType = sourcecode.swift; path = TeacherClassroomDetailSegue.swift; sourceTree = "<group>"; };
		A5BCA9E926A41651008AD3F6 /* TeacherCreateLessonSegue.swift */ = {isa = PBXFileReference; lastKnownFileType = sourcecode.swift; path = TeacherCreateLessonSegue.swift; sourceTree = "<group>"; };
		A5C60EB326A358DB007795C0 /* TeacherCreateLesson_SelectClassroomViewController.swift */ = {isa = PBXFileReference; lastKnownFileType = sourcecode.swift; path = TeacherCreateLesson_SelectClassroomViewController.swift; sourceTree = "<group>"; };
		A5C95ECB2691874000F19A55 /* InputDetailViewController.swift */ = {isa = PBXFileReference; lastKnownFileType = sourcecode.swift; path = InputDetailViewController.swift; sourceTree = "<group>"; };
		A5CFCCA926DE26E70069F536 /* PGButton.swift */ = {isa = PBXFileReference; lastKnownFileType = sourcecode.swift; path = PGButton.swift; sourceTree = "<group>"; };
		A5CFCCAB26DE29240069F536 /* PGTextField.swift */ = {isa = PBXFileReference; lastKnownFileType = sourcecode.swift; path = PGTextField.swift; sourceTree = "<group>"; };
		A5D0340F27096AA800732C9D /* TeacherClassroomKickTeacherViewController.swift */ = {isa = PBXFileReference; lastKnownFileType = sourcecode.swift; path = TeacherClassroomKickTeacherViewController.swift; sourceTree = "<group>"; };
		A5D1F7BA270DC03D00453A7C /* TeacherApplyAcademyJoinRequestViewController.swift */ = {isa = PBXFileReference; lastKnownFileType = sourcecode.swift; path = TeacherApplyAcademyJoinRequestViewController.swift; sourceTree = "<group>"; };
		A5DF4A66270F3623004E389B /* StudentSignUpTest.swift */ = {isa = PBXFileReference; lastKnownFileType = sourcecode.swift; path = StudentSignUpTest.swift; sourceTree = "<group>"; };
		A5E7C0EC26C66CC10083001C /* StudentCalendarViewController.swift */ = {isa = PBXFileReference; lastKnownFileType = sourcecode.swift; path = StudentCalendarViewController.swift; sourceTree = "<group>"; };
		A5EDB212268D8A960085CCAE /* Keyboard.swift */ = {isa = PBXFileReference; lastKnownFileType = sourcecode.swift; path = Keyboard.swift; sourceTree = "<group>"; };
		A5EDB214268D931B0085CCAE /* SignUpViewController.swift */ = {isa = PBXFileReference; lastKnownFileType = sourcecode.swift; path = SignUpViewController.swift; sourceTree = "<group>"; };
		A5EDB216268D93A90085CCAE /* Style.swift */ = {isa = PBXFileReference; lastKnownFileType = sourcecode.swift; path = Style.swift; sourceTree = "<group>"; };
		A5EFD39426A16B3E001637FB /* TeacherClassroomManageViewController.swift */ = {isa = PBXFileReference; lastKnownFileType = sourcecode.swift; path = TeacherClassroomManageViewController.swift; sourceTree = "<group>"; };
		A5F5E65D26BC2D520004BA35 /* TeacherAddExamViewController.swift */ = {isa = PBXFileReference; lastKnownFileType = sourcecode.swift; path = TeacherAddExamViewController.swift; sourceTree = "<group>"; };
		A5F5E66026BC3E100004BA35 /* TeacherAddExamDateViewController.swift */ = {isa = PBXFileReference; lastKnownFileType = sourcecode.swift; path = TeacherAddExamDateViewController.swift; sourceTree = "<group>"; };
		A5F7F1A526A303F600487BF7 /* TeacherRequestClassroomJoinViewController.swift */ = {isa = PBXFileReference; lastKnownFileType = sourcecode.swift; path = TeacherRequestClassroomJoinViewController.swift; sourceTree = "<group>"; };
		A5F96A9627227524004E8812 /* TeacherClassroomChangeInfoViewController.swift */ = {isa = PBXFileReference; lastKnownFileType = sourcecode.swift; path = TeacherClassroomChangeInfoViewController.swift; sourceTree = "<group>"; };
		A5F96A982722754C004E8812 /* TeacherClassroomRemoveViewController.swift */ = {isa = PBXFileReference; lastKnownFileType = sourcecode.swift; path = TeacherClassroomRemoveViewController.swift; sourceTree = "<group>"; };
		A5FB030F26A04071007FCDB7 /* TeacherCreateLessonViewController.swift */ = {isa = PBXFileReference; lastKnownFileType = sourcecode.swift; path = TeacherCreateLessonViewController.swift; sourceTree = "<group>"; };
		A5FB031126A0574C007FCDB7 /* TeacherViewSwitcher.swift */ = {isa = PBXFileReference; lastKnownFileType = sourcecode.swift; path = TeacherViewSwitcher.swift; sourceTree = "<group>"; };
		A5FB031426A05C2D007FCDB7 /* TeacherMenuViewController.swift */ = {isa = PBXFileReference; lastKnownFileType = sourcecode.swift; path = TeacherMenuViewController.swift; sourceTree = "<group>"; };
		A5FB031726A09162007FCDB7 /* SideMenuPresentStyleExtension.swift */ = {isa = PBXFileReference; lastKnownFileType = sourcecode.swift; path = SideMenuPresentStyleExtension.swift; sourceTree = "<group>"; };
		D7D45FC0FE88037911ECF320 /* Pods-Pullgo.debug.xcconfig */ = {isa = PBXFileReference; includeInIndex = 1; lastKnownFileType = text.xcconfig; name = "Pods-Pullgo.debug.xcconfig"; path = "Target Support Files/Pods-Pullgo/Pods-Pullgo.debug.xcconfig"; sourceTree = "<group>"; };
		FBB6A7558D48C00F2C7419F4 /* Pods-Pullgo-PullgoUITests.debug.xcconfig */ = {isa = PBXFileReference; includeInIndex = 1; lastKnownFileType = text.xcconfig; name = "Pods-Pullgo-PullgoUITests.debug.xcconfig"; path = "Target Support Files/Pods-Pullgo-PullgoUITests/Pods-Pullgo-PullgoUITests.debug.xcconfig"; sourceTree = "<group>"; };
/* End PBXFileReference section */

/* Begin PBXFrameworksBuildPhase section */
		A532DB1C26889ACB00076260 /* Frameworks */ = {
			isa = PBXFrameworksBuildPhase;
			buildActionMask = 2147483647;
			files = (
				A535FD372708D84F009C4D9D /* RxSwift in Frameworks */,
				A532DB5526889BD700076260 /* Alamofire in Frameworks */,
				A5B1A59D26E2055500E5D8B2 /* SnapKit in Frameworks */,
				A535FD352708D84F009C4D9D /* RxCocoa in Frameworks */,
				A5EC2ADE2697E9A400D310E0 /* SideMenu in Frameworks */,
				A5EC2ADB2697E4F400D310E0 /* FSCalendar in Frameworks */,
				78DE24EE884A2F4DB477C737 /* Pods_Pullgo.framework in Frameworks */,
			);
			runOnlyForDeploymentPostprocessing = 0;
		};
		A532DB3226889ACC00076260 /* Frameworks */ = {
			isa = PBXFrameworksBuildPhase;
			buildActionMask = 2147483647;
			files = (
				A529376F269ADAF800B210C2 /* Alamofire in Frameworks */,
				A5293773269ADAF800B210C2 /* SideMenu in Frameworks */,
				A5293771269ADAF800B210C2 /* FSCalendar in Frameworks */,
				21FF2A5F963A6167E114981A /* Pods_Pullgo_PullgoTests.framework in Frameworks */,
			);
			runOnlyForDeploymentPostprocessing = 0;
		};
		A532DB3D26889ACC00076260 /* Frameworks */ = {
			isa = PBXFrameworksBuildPhase;
			buildActionMask = 2147483647;
			files = (
				A5293775269ADB0100B210C2 /* Alamofire in Frameworks */,
				A5293779269ADB0100B210C2 /* SideMenu in Frameworks */,
				A580B1FB2709861600377D72 /* RxSwift in Frameworks */,
				A580B1F92709861600377D72 /* RxCocoa in Frameworks */,
				A5293777269ADB0100B210C2 /* FSCalendar in Frameworks */,
				E8FA77E80E75A8B78F6F91BB /* Pods_Pullgo_PullgoUITests.framework in Frameworks */,
			);
			runOnlyForDeploymentPostprocessing = 0;
		};
/* End PBXFrameworksBuildPhase section */

/* Begin PBXGroup section */
		6F98C4F44DA851997BA07D9B /* Pods */ = {
			isa = PBXGroup;
			children = (
				D7D45FC0FE88037911ECF320 /* Pods-Pullgo.debug.xcconfig */,
				A2A742CB25288F7C88BC57FC /* Pods-Pullgo.release.xcconfig */,
				FBB6A7558D48C00F2C7419F4 /* Pods-Pullgo-PullgoUITests.debug.xcconfig */,
				023C7437D2701295ABA27959 /* Pods-Pullgo-PullgoUITests.release.xcconfig */,
				2D7CCF18C074C9D8C1652D63 /* Pods-Pullgo-PullgoTests.debug.xcconfig */,
				3F821FC9BEE8482EBFE6B0AE /* Pods-Pullgo-PullgoTests.release.xcconfig */,
			);
			path = Pods;
			sourceTree = "<group>";
		};
		A505A8EC26B44EF4007954A4 /*  CreateClassroom */ = {
			isa = PBXGroup;
			children = (
				A505A8EA26B3DF1E007954A4 /* TeacherCreateClassroomViewController.swift */,
				A505A8ED26B44F0F007954A4 /* TeacherCreateClassroomSelectAcademyViewController.swift */,
			);
			path = " CreateClassroom";
			sourceTree = "<group>";
		};
		A51033A626920757007E9452 /* Test */ = {
			isa = PBXGroup;
			children = (
				A55D3FBA26972651009DC6B7 /* FindAccountTest.swift */,
				A568CCB226FB3B8B00B96DF0 /* TeacherSignUpTest.swift */,
				A5DF4A66270F3623004E389B /* StudentSignUpTest.swift */,
				A52904532704462E00B9344C /* CheckCreatedAccountTest.swift */,
			);
			path = Test;
			sourceTree = "<group>";
		};
		A529376D269ADAF800B210C2 /* Frameworks */ = {
			isa = PBXGroup;
			children = (
				77EC8C9A50C7B34F5170EA4E /* Pods_Pullgo.framework */,
				6C1F00BFEEAAF5A7BF1FB867 /* Pods_Pullgo_PullgoUITests.framework */,
				9BE205AB6A44D209E3814BEC /* Pods_Pullgo_PullgoTests.framework */,
			);
			name = Frameworks;
			sourceTree = "<group>";
		};
		A529DB4526C64329006CD0E7 /* StudentView */ = {
			isa = PBXGroup;
			children = (
				A55454AA2710AAA400CCC987 /* Storyboard */,
				A554549527109E0800CCC987 /* Test */,
				A554549427109DF300CCC987 /* Source */,
			);
			path = StudentView;
			sourceTree = "<group>";
		};
		A532DB1626889ACB00076260 = {
			isa = PBXGroup;
			children = (
				A532DB2126889ACB00076260 /* Pullgo */,
				A532DB3826889ACC00076260 /* PullgoTests */,
				A532DB4326889ACC00076260 /* PullgoUITests */,
				A532DB2026889ACB00076260 /* Products */,
				A529376D269ADAF800B210C2 /* Frameworks */,
				6F98C4F44DA851997BA07D9B /* Pods */,
			);
			sourceTree = "<group>";
		};
		A532DB2026889ACB00076260 /* Products */ = {
			isa = PBXGroup;
			children = (
				A532DB1F26889ACB00076260 /* Pullgo.app */,
				A532DB3526889ACC00076260 /* PullgoTests.xctest */,
				A532DB4026889ACC00076260 /* PullgoUITests.xctest */,
			);
			name = Products;
			sourceTree = "<group>";
		};
		A532DB2126889ACB00076260 /* Pullgo */ = {
			isa = PBXGroup;
			children = (
				A58480B727037F8900C7DDA5 /* PGPlayground.playground */,
				A5CFCCA826DE26D70069F536 /* CustomUI */,
				A5B4CD5626898C5200FA2967 /* LaunchScreen */,
				A5B469AD2688DF4900C62F9C /* Model */,
				A5B469AA2688DA6700C62F9C /* Utility */,
				A529DB4526C64329006CD0E7 /* StudentView */,
				A58E7A0B269758AF005FFC6F /* TeacherView */,
				A532DB5226889B1E00076260 /* SignView */,
				A532DB2226889ACB00076260 /* AppDelegate.swift */,
				A532DB2426889ACB00076260 /* SceneDelegate.swift */,
				A532DB2B26889ACC00076260 /* Assets.xcassets */,
				A532DB3026889ACC00076260 /* Info.plist */,
			);
			path = Pullgo;
			sourceTree = "<group>";
		};
		A532DB3826889ACC00076260 /* PullgoTests */ = {
			isa = PBXGroup;
			children = (
				A532DB3926889ACC00076260 /* PullgoTests.swift */,
				A532DB3B26889ACC00076260 /* Info.plist */,
			);
			path = PullgoTests;
			sourceTree = "<group>";
		};
		A532DB4326889ACC00076260 /* PullgoUITests */ = {
			isa = PBXGroup;
			children = (
				A532DB4626889ACC00076260 /* Info.plist */,
				A591BAFA270435A00089F28D /* PullgoUITest.swift */,
			);
			path = PullgoUITests;
			sourceTree = "<group>";
		};
		A532DB5226889B1E00076260 /* SignView */ = {
			isa = PBXGroup;
			children = (
				A51033A626920757007E9452 /* Test */,
				A532DB572688A66400076260 /* Storyboard */,
				A532DB562688A64A00076260 /* Source */,
			);
			path = SignView;
			sourceTree = "<group>";
		};
		A532DB562688A64A00076260 /* Source */ = {
			isa = PBXGroup;
			children = (
				A532DB2626889ACB00076260 /* SignInViewController.swift */,
				A5EDB214268D931B0085CCAE /* SignUpViewController.swift */,
				A5191493268DC27300620A66 /* InputUsernameViewController.swift */,
				A57FE017268F220700B1E609 /* InputPasswordViewController.swift */,
				A57FE019268F256B00B1E609 /* SignUpStatusProtocol.swift */,
				A57FE01B268F401300B1E609 /* SignUpInformation.swift */,
				A57FE01D268F443600B1E609 /* InputNamePhoneViewController.swift */,
				A5C95ECB2691874000F19A55 /* InputDetailViewController.swift */,
				A55D3FB82697261D009DC6B7 /* FindAccountViewController.swift */,
			);
			path = Source;
			sourceTree = "<group>";
		};
		A532DB572688A66400076260 /* Storyboard */ = {
			isa = PBXGroup;
			children = (
				A532DB2826889ACB00076260 /* Main.storyboard */,
			);
			path = Storyboard;
			sourceTree = "<group>";
		};
		A554549327109DDE00CCC987 /* ViewSwitcher */ = {
			isa = PBXGroup;
			children = (
				A554549627109E3700CCC987 /* StudentViewSwitcher.swift */,
				A55454A82710A11300CCC987 /* StudentSideMenuViewController.swift */,
				A55454AF2710B23500CCC987 /* StudentAcademyJoinRequestViewController.swift */,
			);
			path = ViewSwitcher;
			sourceTree = "<group>";
		};
		A554549427109DF300CCC987 /* Source */ = {
			isa = PBXGroup;
			children = (
				A5E7C0EB26C66CB10083001C /* Calendar */,
				A554549D2710A01800CCC987 /* ExamList */,
				A554549C2710A01400CCC987 /* ExamHistory */,
				A554549A2710A00900CCC987 /* ClassroomJoinRequest */,
				A55454992710A00800CCC987 /* ChangeInfo */,
				A55454982710A00600CCC987 /* ManageSendRequest */,
				A554549327109DDE00CCC987 /* ViewSwitcher */,
			);
			path = Source;
			sourceTree = "<group>";
		};
		A554549527109E0800CCC987 /* Test */ = {
			isa = PBXGroup;
			children = (
			);
			path = Test;
			sourceTree = "<group>";
		};
		A55454982710A00600CCC987 /* ManageSendRequest */ = {
			isa = PBXGroup;
			children = (
				A55454A62710A0A200CCC987 /* StudentManageSendRequestViewController.swift */,
				A52EA6FE271598230000AC73 /* StudentManageSendRequestAcademyViewController.swift */,
				A52EA7022715988E0000AC73 /* StudentManageSendRequestClassroomViewController.swift */,
			);
			path = ManageSendRequest;
			sourceTree = "<group>";
		};
		A55454992710A00800CCC987 /* ChangeInfo */ = {
			isa = PBXGroup;
			children = (
				A55454A42710A09200CCC987 /* StudentChangeInfoViewController.swift */,
				A54A020027143700007E47BB /* StudentChangeInfoTableViewController.swift */,
				A54A0202271489E0007E47BB /* StudentChangePasswordViewController.swift */,
			);
			path = ChangeInfo;
			sourceTree = "<group>";
		};
		A554549A2710A00900CCC987 /* ClassroomJoinRequest */ = {
			isa = PBXGroup;
			children = (
				A55454A22710A08900CCC987 /* StudentClassroomJoinRequestViewController.swift */,
			);
			path = ClassroomJoinRequest;
			sourceTree = "<group>";
		};
		A554549C2710A01400CCC987 /* ExamHistory */ = {
			isa = PBXGroup;
			children = (
				A55454A02710A07800CCC987 /* StudentExamHistoryViewController.swift */,
			);
			path = ExamHistory;
			sourceTree = "<group>";
		};
		A554549D2710A01800CCC987 /* ExamList */ = {
			isa = PBXGroup;
			children = (
				A554549E2710A05B00CCC987 /* StudentExamListViewController.swift */,
			);
			path = ExamList;
			sourceTree = "<group>";
		};
		A55454AA2710AAA400CCC987 /* Storyboard */ = {
			isa = PBXGroup;
			children = (
				A55454AD2710AB0D00CCC987 /* Student.storyboard */,
			);
			path = Storyboard;
			sourceTree = "<group>";
		};
		A55454B32710BF8200CCC987 /* Shared */ = {
			isa = PBXGroup;
			children = (
				A55454B12710BF7D00CCC987 /* SharedUI.swift */,
			);
			path = Shared;
			sourceTree = "<group>";
		};
		A5780AAC26AC491E007F6A88 /* ClassroomManage */ = {
			isa = PBXGroup;
			children = (
				A59051F32723DB3E00439840 /* ExamManage */,
				A5EFD39426A16B3E001637FB /* TeacherClassroomManageViewController.swift */,
				A5780AAF26AC4A7D007F6A88 /* TeacherClassroomManageRequestViewController.swift */,
				A5780AB326AC4A7F007F6A88 /* TeacherClassroomManageInfoViewController.swift */,
				A5780AB126AC4A7E007F6A88 /* TeacherClassroomManageStudentViewController.swift */,
				A5780AAD26AC4A6D007F6A88 /* TeacherClassroomManageExamViewController.swift */,
				A5B5CDC2270700B700AC9F7F /* TeacherClassroomDetailStudentViewController.swift */,
				A5D0340F27096AA800732C9D /* TeacherClassroomKickTeacherViewController.swift */,
				A55A516927135CFA00CE041E /* ClassroomAcceptTeacherViewController.swift */,
				A55A516B27135D0800CE041E /* ClassroomAcceptStudentViewController.swift */,
				A5F96A9627227524004E8812 /* TeacherClassroomChangeInfoViewController.swift */,
				A5F96A982722754C004E8812 /* TeacherClassroomRemoveViewController.swift */,
			);
			path = ClassroomManage;
			sourceTree = "<group>";
		};
		A584BA202710692F0038EAE7 /* ManageRequest */ = {
			isa = PBXGroup;
			children = (
				A584BA21271069410038EAE7 /* TeacherManageSendRequestViewController.swift */,
			);
			path = ManageRequest;
			sourceTree = "<group>";
		};
		A58E7A0B269758AF005FFC6F /* TeacherView */ = {
			isa = PBXGroup;
			children = (
				A58E7A12269759E9005FFC6F /* Test */,
				A58E7A0F269758DD005FFC6F /* Source */,
				A58E7A0E269758D7005FFC6F /* Storyboard */,
			);
			path = TeacherView;
			sourceTree = "<group>";
		};
		A58E7A0E269758D7005FFC6F /* Storyboard */ = {
			isa = PBXGroup;
			children = (
				A58E7A0C269758CC005FFC6F /* Teacher.storyboard */,
				A5B1A59E26E205A300E5D8B2 /* DatePickerViewController.swift */,
			);
			path = Storyboard;
			sourceTree = "<group>";
		};
		A58E7A0F269758DD005FFC6F /* Source */ = {
			isa = PBXGroup;
			children = (
				A584BA202710692F0038EAE7 /* ManageRequest */,
				A5D1F7B9270DC02A00453A7C /* ApplyAcademy */,
				A5A8EF5F270C2B850036389D /* ChangeInfo */,
				A5F5E65C26BC2D450004BA35 /* Exam */,
				A5EFD39326A16B27001637FB /* Classroom */,
				A5EFD39226A16B13001637FB /* Calendar */,
				A5FB031326A05C15007FCDB7 /* TeacherViewSwitcher */,
			);
			path = Source;
			sourceTree = "<group>";
		};
		A58E7A12269759E9005FFC6F /* Test */ = {
			isa = PBXGroup;
			children = (
				A58E7A13269759F5005FFC6F /* TeacherUITest.swift */,
			);
			path = Test;
			sourceTree = "<group>";
		};
		A59051F32723DB3E00439840 /* ExamManage */ = {
			isa = PBXGroup;
			children = (
				A59051F42723DB4D00439840 /* TeacherManageExamTabViewController.swift */,
				A59051F62723DBAE00439840 /* TeacherExamEditViewController.swift */,
				A59051F82723DBD100439840 /* TeacherRemoveExamViewController.swift */,
			);
			path = ExamManage;
			sourceTree = "<group>";
		};
		A5A8EF5F270C2B850036389D /* ChangeInfo */ = {
			isa = PBXGroup;
			children = (
				A5A8EF60270C2BA60036389D /* TeacherChangeInfoViewController.swift */,
				A5A8EF62270C34230036389D /* TeacherInputNewInfoViewController.swift */,
				A50FABB0271A929400BDD614 /* TeacherChangePasswordViewController.swift */,
			);
			path = ChangeInfo;
			sourceTree = "<group>";
		};
		A5B469AA2688DA6700C62F9C /* Utility */ = {
			isa = PBXGroup;
			children = (
				A5FB031626A09154007FCDB7 /* SideMenu */,
				A5B469AB2688DA8A00C62F9C /* Presentor.swift */,
				A5B4CD5F2689942200FA2967 /* PGNetwork.swift */,
				A5EDB212268D8A960085CCAE /* Keyboard.swift */,
				A5EDB216268D93A90085CCAE /* Style.swift */,
				A5191495268DCC1500620A66 /* Extension.swift */,
				A529377A269AE4CA00B210C2 /* Messages.swift */,
				A508196626E748320094A50C /* Animation.swift */,
				A535E99826F731E200C6F1D8 /* PGNetworkable.swift */,
			);
			path = Utility;
			sourceTree = "<group>";
		};
		A5B469AD2688DF4900C62F9C /* Model */ = {
			isa = PBXGroup;
			children = (
				A5B469AE2688DF7200C62F9C /* UserType.swift */,
				A57F5CEC2695F2BE00A603DD /* Account.swift */,
				A5B469B22688E9F600C62F9C /* Student.swift */,
				A5B469B42688EA7000C62F9C /* Teacher.swift */,
				A5293761269ACCCD00B210C2 /* Classroom.swift */,
				A5293763269ACCD700B210C2 /* Academy.swift */,
				A5293765269ACCE200B210C2 /* Lesson.swift */,
				A5293767269ACCE700B210C2 /* Exam.swift */,
				A5293769269ACCED00B210C2 /* Question.swift */,
				A529376B269AD62A00B210C2 /* Schedule.swift */,
			);
			path = Model;
			sourceTree = "<group>";
		};
		A5B4CD5626898C5200FA2967 /* LaunchScreen */ = {
			isa = PBXGroup;
			children = (
				A5B4CD5B26898E9800FA2967 /* thumbs-up.png */,
				A532DB2D26889ACC00076260 /* LaunchScreen.storyboard */,
			);
			path = LaunchScreen;
			sourceTree = "<group>";
		};
		A5C60EB526A35E7F007795C0 /* CreateLesson */ = {
			isa = PBXGroup;
			children = (
				A5FB030F26A04071007FCDB7 /* TeacherCreateLessonViewController.swift */,
				A5C60EB326A358DB007795C0 /* TeacherCreateLesson_SelectClassroomViewController.swift */,
				A5BCA9E926A41651008AD3F6 /* TeacherCreateLessonSegue.swift */,
			);
			path = CreateLesson;
			sourceTree = "<group>";
		};
		A5CFCCA826DE26D70069F536 /* CustomUI */ = {
			isa = PBXGroup;
			children = (
				A5CFCCA926DE26E70069F536 /* PGButton.swift */,
				A5CFCCAB26DE29240069F536 /* PGTextField.swift */,
				A508196826E780A00094A50C /* PGSelectButton.swift */,
				A520AAD526EE3BCB0099CD94 /* PGSelectionTab.swift */,
				A51D238A26FDBBE400466C05 /* PGUnregisteredNotification.swift */,
				A56FB387270DE665001A5F21 /* ButtonBarPagerExtension.swift */,
				A55454B32710BF8200CCC987 /* Shared */,
			);
			path = CustomUI;
			sourceTree = "<group>";
		};
		A5D1F7B9270DC02A00453A7C /* ApplyAcademy */ = {
			isa = PBXGroup;
			children = (
				A5D1F7BA270DC03D00453A7C /* TeacherApplyAcademyJoinRequestViewController.swift */,
				A56FB385270DD778001A5F21 /* AcademyAcceptStudentViewController.swift */,
				A56FB383270DD74A001A5F21 /* AcademyAcceptTeacherViewController.swift */,
			);
			path = ApplyAcademy;
			sourceTree = "<group>";
		};
		A5E7C0EB26C66CB10083001C /* Calendar */ = {
			isa = PBXGroup;
			children = (
				A5E7C0EC26C66CC10083001C /* StudentCalendarViewController.swift */,
				A569C794271175A400D280EB /* StudentCalendarSelectViewController.swift */,
			);
			path = Calendar;
			sourceTree = "<group>";
		};
		A5EFD39226A16B13001637FB /* Calendar */ = {
			isa = PBXGroup;
			children = (
				A5C60EB526A35E7F007795C0 /* CreateLesson */,
				A58E7A10269758F6005FFC6F /* TeacherCalenderViewController.swift */,
				A532DDA9269F295C007C9A34 /* TeacherCalendarSelectViewController.swift */,
				A53EA48126A5402F00AFF799 /* TeacherLessonDetailViewController.swift */,
			);
			path = Calendar;
			sourceTree = "<group>";
		};
		A5EFD39326A16B27001637FB /* Classroom */ = {
			isa = PBXGroup;
			children = (
				A505A8EC26B44EF4007954A4 /*  CreateClassroom */,
				A5780AAC26AC491E007F6A88 /* ClassroomManage */,
				A5F7F1A526A303F600487BF7 /* TeacherRequestClassroomJoinViewController.swift */,
				A5BB71B026A689C500131C9D /* TeacherClassroomDetailSegue.swift */,
			);
			path = Classroom;
			sourceTree = "<group>";
		};
		A5F5E65C26BC2D450004BA35 /* Exam */ = {
			isa = PBXGroup;
			children = (
				A5F5E65D26BC2D520004BA35 /* TeacherAddExamViewController.swift */,
				A5F5E66026BC3E100004BA35 /* TeacherAddExamDateViewController.swift */,
				A52F8BA926BD32F9005AA7DC /* TeacherSelectExamDateViewController.swift */,
			);
			path = Exam;
			sourceTree = "<group>";
		};
		A5FB031326A05C15007FCDB7 /* TeacherViewSwitcher */ = {
			isa = PBXGroup;
			children = (
				A5FB031126A0574C007FCDB7 /* TeacherViewSwitcher.swift */,
				A5FB031426A05C2D007FCDB7 /* TeacherMenuViewController.swift */,
				A573203B2705A4A200951638 /* TeacherAcademyJoinRequestViewController.swift */,
			);
			path = TeacherViewSwitcher;
			sourceTree = "<group>";
		};
		A5FB031626A09154007FCDB7 /* SideMenu */ = {
			isa = PBXGroup;
			children = (
				A5FB031726A09162007FCDB7 /* SideMenuPresentStyleExtension.swift */,
			);
			path = SideMenu;
			sourceTree = "<group>";
		};
/* End PBXGroup section */

/* Begin PBXNativeTarget section */
		A532DB1E26889ACB00076260 /* Pullgo */ = {
			isa = PBXNativeTarget;
			buildConfigurationList = A532DB4926889ACC00076260 /* Build configuration list for PBXNativeTarget "Pullgo" */;
			buildPhases = (
				9788BD900A42E2D2EDF75E96 /* [CP] Check Pods Manifest.lock */,
				A532DB1B26889ACB00076260 /* Sources */,
				A532DB1C26889ACB00076260 /* Frameworks */,
				A532DB1D26889ACB00076260 /* Resources */,
				2688275F614FD040E6820BD3 /* [CP] Embed Pods Frameworks */,
			);
			buildRules = (
			);
			dependencies = (
			);
			name = Pullgo;
			packageProductDependencies = (
				A532DB5426889BD700076260 /* Alamofire */,
				A5EC2ADA2697E4F400D310E0 /* FSCalendar */,
				A5EC2ADD2697E9A400D310E0 /* SideMenu */,
				A5B1A59C26E2055500E5D8B2 /* SnapKit */,
				A535FD342708D84F009C4D9D /* RxCocoa */,
				A535FD362708D84F009C4D9D /* RxSwift */,
			);
			productName = Pullgo;
			productReference = A532DB1F26889ACB00076260 /* Pullgo.app */;
			productType = "com.apple.product-type.application";
		};
		A532DB3426889ACC00076260 /* PullgoTests */ = {
			isa = PBXNativeTarget;
			buildConfigurationList = A532DB4C26889ACC00076260 /* Build configuration list for PBXNativeTarget "PullgoTests" */;
			buildPhases = (
				71185EAB0F380899A56BFE5B /* [CP] Check Pods Manifest.lock */,
				A532DB3126889ACC00076260 /* Sources */,
				A532DB3226889ACC00076260 /* Frameworks */,
				A532DB3326889ACC00076260 /* Resources */,
				FB5E572CEB45462B2834E78B /* [CP] Embed Pods Frameworks */,
			);
			buildRules = (
			);
			dependencies = (
				A532DB3726889ACC00076260 /* PBXTargetDependency */,
			);
			name = PullgoTests;
			packageProductDependencies = (
				A529376E269ADAF800B210C2 /* Alamofire */,
				A5293770269ADAF800B210C2 /* FSCalendar */,
				A5293772269ADAF800B210C2 /* SideMenu */,
			);
			productName = PullgoTests;
			productReference = A532DB3526889ACC00076260 /* PullgoTests.xctest */;
			productType = "com.apple.product-type.bundle.unit-test";
		};
		A532DB3F26889ACC00076260 /* PullgoUITests */ = {
			isa = PBXNativeTarget;
			buildConfigurationList = A532DB4F26889ACC00076260 /* Build configuration list for PBXNativeTarget "PullgoUITests" */;
			buildPhases = (
				3CEBC19BE3047E4C39359238 /* [CP] Check Pods Manifest.lock */,
				A532DB3C26889ACC00076260 /* Sources */,
				A532DB3D26889ACC00076260 /* Frameworks */,
				A532DB3E26889ACC00076260 /* Resources */,
				7A2F3D3FA6BE639D1394A9DA /* [CP] Embed Pods Frameworks */,
			);
			buildRules = (
			);
			dependencies = (
				A532DB4226889ACC00076260 /* PBXTargetDependency */,
			);
			name = PullgoUITests;
			packageProductDependencies = (
				A5293774269ADB0100B210C2 /* Alamofire */,
				A5293776269ADB0100B210C2 /* FSCalendar */,
				A5293778269ADB0100B210C2 /* SideMenu */,
				A580B1F82709861600377D72 /* RxCocoa */,
				A580B1FA2709861600377D72 /* RxSwift */,
			);
			productName = PullgoUITests;
			productReference = A532DB4026889ACC00076260 /* PullgoUITests.xctest */;
			productType = "com.apple.product-type.bundle.ui-testing";
		};
/* End PBXNativeTarget section */

/* Begin PBXProject section */
		A532DB1726889ACB00076260 /* Project object */ = {
			isa = PBXProject;
			attributes = {
				LastSwiftUpdateCheck = 1250;
				LastUpgradeCheck = 1250;
				TargetAttributes = {
					A532DB1E26889ACB00076260 = {
						CreatedOnToolsVersion = 12.5;
					};
					A532DB3426889ACC00076260 = {
						CreatedOnToolsVersion = 12.5;
						TestTargetID = A532DB1E26889ACB00076260;
					};
					A532DB3F26889ACC00076260 = {
						CreatedOnToolsVersion = 12.5;
						TestTargetID = A532DB1E26889ACB00076260;
					};
				};
			};
			buildConfigurationList = A532DB1A26889ACB00076260 /* Build configuration list for PBXProject "Pullgo" */;
			compatibilityVersion = "Xcode 9.3";
			developmentRegion = en;
			hasScannedForEncodings = 0;
			knownRegions = (
				en,
				Base,
			);
			mainGroup = A532DB1626889ACB00076260;
			packageReferences = (
				A532DB5326889BD700076260 /* XCRemoteSwiftPackageReference "Alamofire" */,
				A5EC2AD62697DE4A00D310E0 /* XCRemoteSwiftPackageReference "HorizonCalendar" */,
				A5EC2AD92697E4F400D310E0 /* XCRemoteSwiftPackageReference "FSCalendar" */,
				A5EC2ADC2697E9A400D310E0 /* XCRemoteSwiftPackageReference "SideMenu" */,
				A5B1A59B26E2055500E5D8B2 /* XCRemoteSwiftPackageReference "SnapKit" */,
				A535FD332708D84F009C4D9D /* XCRemoteSwiftPackageReference "RxSwift" */,
			);
			productRefGroup = A532DB2026889ACB00076260 /* Products */;
			projectDirPath = "";
			projectRoot = "";
			targets = (
				A532DB1E26889ACB00076260 /* Pullgo */,
				A532DB3426889ACC00076260 /* PullgoTests */,
				A532DB3F26889ACC00076260 /* PullgoUITests */,
			);
		};
/* End PBXProject section */

/* Begin PBXResourcesBuildPhase section */
		A532DB1D26889ACB00076260 /* Resources */ = {
			isa = PBXResourcesBuildPhase;
			buildActionMask = 2147483647;
			files = (
				A532DB2F26889ACC00076260 /* LaunchScreen.storyboard in Resources */,
				A5B4CD5C26898E9800FA2967 /* thumbs-up.png in Resources */,
				A58E7A0D269758CC005FFC6F /* Teacher.storyboard in Resources */,
				A532DB2C26889ACC00076260 /* Assets.xcassets in Resources */,
				A532DB2A26889ACB00076260 /* Main.storyboard in Resources */,
				A55454AE2710AB0D00CCC987 /* Student.storyboard in Resources */,
			);
			runOnlyForDeploymentPostprocessing = 0;
		};
		A532DB3326889ACC00076260 /* Resources */ = {
			isa = PBXResourcesBuildPhase;
			buildActionMask = 2147483647;
			files = (
			);
			runOnlyForDeploymentPostprocessing = 0;
		};
		A532DB3E26889ACC00076260 /* Resources */ = {
			isa = PBXResourcesBuildPhase;
			buildActionMask = 2147483647;
			files = (
			);
			runOnlyForDeploymentPostprocessing = 0;
		};
/* End PBXResourcesBuildPhase section */

/* Begin PBXShellScriptBuildPhase section */
		2688275F614FD040E6820BD3 /* [CP] Embed Pods Frameworks */ = {
			isa = PBXShellScriptBuildPhase;
			buildActionMask = 2147483647;
			files = (
			);
			inputFileListPaths = (
				"${PODS_ROOT}/Target Support Files/Pods-Pullgo/Pods-Pullgo-frameworks-${CONFIGURATION}-input-files.xcfilelist",
			);
			name = "[CP] Embed Pods Frameworks";
			outputFileListPaths = (
				"${PODS_ROOT}/Target Support Files/Pods-Pullgo/Pods-Pullgo-frameworks-${CONFIGURATION}-output-files.xcfilelist",
			);
			runOnlyForDeploymentPostprocessing = 0;
			shellPath = /bin/sh;
			shellScript = "\"${PODS_ROOT}/Target Support Files/Pods-Pullgo/Pods-Pullgo-frameworks.sh\"\n";
			showEnvVarsInLog = 0;
		};
		3CEBC19BE3047E4C39359238 /* [CP] Check Pods Manifest.lock */ = {
			isa = PBXShellScriptBuildPhase;
			buildActionMask = 2147483647;
			files = (
			);
			inputFileListPaths = (
			);
			inputPaths = (
				"${PODS_PODFILE_DIR_PATH}/Podfile.lock",
				"${PODS_ROOT}/Manifest.lock",
			);
			name = "[CP] Check Pods Manifest.lock";
			outputFileListPaths = (
			);
			outputPaths = (
				"$(DERIVED_FILE_DIR)/Pods-Pullgo-PullgoUITests-checkManifestLockResult.txt",
			);
			runOnlyForDeploymentPostprocessing = 0;
			shellPath = /bin/sh;
			shellScript = "diff \"${PODS_PODFILE_DIR_PATH}/Podfile.lock\" \"${PODS_ROOT}/Manifest.lock\" > /dev/null\nif [ $? != 0 ] ; then\n    # print error to STDERR\n    echo \"error: The sandbox is not in sync with the Podfile.lock. Run 'pod install' or update your CocoaPods installation.\" >&2\n    exit 1\nfi\n# This output is used by Xcode 'outputs' to avoid re-running this script phase.\necho \"SUCCESS\" > \"${SCRIPT_OUTPUT_FILE_0}\"\n";
			showEnvVarsInLog = 0;
		};
		71185EAB0F380899A56BFE5B /* [CP] Check Pods Manifest.lock */ = {
			isa = PBXShellScriptBuildPhase;
			buildActionMask = 2147483647;
			files = (
			);
			inputFileListPaths = (
			);
			inputPaths = (
				"${PODS_PODFILE_DIR_PATH}/Podfile.lock",
				"${PODS_ROOT}/Manifest.lock",
			);
			name = "[CP] Check Pods Manifest.lock";
			outputFileListPaths = (
			);
			outputPaths = (
				"$(DERIVED_FILE_DIR)/Pods-Pullgo-PullgoTests-checkManifestLockResult.txt",
			);
			runOnlyForDeploymentPostprocessing = 0;
			shellPath = /bin/sh;
			shellScript = "diff \"${PODS_PODFILE_DIR_PATH}/Podfile.lock\" \"${PODS_ROOT}/Manifest.lock\" > /dev/null\nif [ $? != 0 ] ; then\n    # print error to STDERR\n    echo \"error: The sandbox is not in sync with the Podfile.lock. Run 'pod install' or update your CocoaPods installation.\" >&2\n    exit 1\nfi\n# This output is used by Xcode 'outputs' to avoid re-running this script phase.\necho \"SUCCESS\" > \"${SCRIPT_OUTPUT_FILE_0}\"\n";
			showEnvVarsInLog = 0;
		};
		7A2F3D3FA6BE639D1394A9DA /* [CP] Embed Pods Frameworks */ = {
			isa = PBXShellScriptBuildPhase;
			buildActionMask = 2147483647;
			files = (
			);
			inputFileListPaths = (
				"${PODS_ROOT}/Target Support Files/Pods-Pullgo-PullgoUITests/Pods-Pullgo-PullgoUITests-frameworks-${CONFIGURATION}-input-files.xcfilelist",
			);
			name = "[CP] Embed Pods Frameworks";
			outputFileListPaths = (
				"${PODS_ROOT}/Target Support Files/Pods-Pullgo-PullgoUITests/Pods-Pullgo-PullgoUITests-frameworks-${CONFIGURATION}-output-files.xcfilelist",
			);
			runOnlyForDeploymentPostprocessing = 0;
			shellPath = /bin/sh;
			shellScript = "\"${PODS_ROOT}/Target Support Files/Pods-Pullgo-PullgoUITests/Pods-Pullgo-PullgoUITests-frameworks.sh\"\n";
			showEnvVarsInLog = 0;
		};
		9788BD900A42E2D2EDF75E96 /* [CP] Check Pods Manifest.lock */ = {
			isa = PBXShellScriptBuildPhase;
			buildActionMask = 2147483647;
			files = (
			);
			inputFileListPaths = (
			);
			inputPaths = (
				"${PODS_PODFILE_DIR_PATH}/Podfile.lock",
				"${PODS_ROOT}/Manifest.lock",
			);
			name = "[CP] Check Pods Manifest.lock";
			outputFileListPaths = (
			);
			outputPaths = (
				"$(DERIVED_FILE_DIR)/Pods-Pullgo-checkManifestLockResult.txt",
			);
			runOnlyForDeploymentPostprocessing = 0;
			shellPath = /bin/sh;
			shellScript = "diff \"${PODS_PODFILE_DIR_PATH}/Podfile.lock\" \"${PODS_ROOT}/Manifest.lock\" > /dev/null\nif [ $? != 0 ] ; then\n    # print error to STDERR\n    echo \"error: The sandbox is not in sync with the Podfile.lock. Run 'pod install' or update your CocoaPods installation.\" >&2\n    exit 1\nfi\n# This output is used by Xcode 'outputs' to avoid re-running this script phase.\necho \"SUCCESS\" > \"${SCRIPT_OUTPUT_FILE_0}\"\n";
			showEnvVarsInLog = 0;
		};
		FB5E572CEB45462B2834E78B /* [CP] Embed Pods Frameworks */ = {
			isa = PBXShellScriptBuildPhase;
			buildActionMask = 2147483647;
			files = (
			);
			inputFileListPaths = (
				"${PODS_ROOT}/Target Support Files/Pods-Pullgo-PullgoTests/Pods-Pullgo-PullgoTests-frameworks-${CONFIGURATION}-input-files.xcfilelist",
			);
			name = "[CP] Embed Pods Frameworks";
			outputFileListPaths = (
				"${PODS_ROOT}/Target Support Files/Pods-Pullgo-PullgoTests/Pods-Pullgo-PullgoTests-frameworks-${CONFIGURATION}-output-files.xcfilelist",
			);
			runOnlyForDeploymentPostprocessing = 0;
			shellPath = /bin/sh;
			shellScript = "\"${PODS_ROOT}/Target Support Files/Pods-Pullgo-PullgoTests/Pods-Pullgo-PullgoTests-frameworks.sh\"\n";
			showEnvVarsInLog = 0;
		};
/* End PBXShellScriptBuildPhase section */

/* Begin PBXSourcesBuildPhase section */
		A532DB1B26889ACB00076260 /* Sources */ = {
			isa = PBXSourcesBuildPhase;
			buildActionMask = 2147483647;
			files = (
				A5191496268DCC1500620A66 /* Extension.swift in Sources */,
				A5BB71B126A689C500131C9D /* TeacherClassroomDetailSegue.swift in Sources */,
				A56FB384270DD74A001A5F21 /* AcademyAcceptTeacherViewController.swift in Sources */,
				A5B1A59F26E205A300E5D8B2 /* DatePickerViewController.swift in Sources */,
				A5D1F7BB270DC03D00453A7C /* TeacherApplyAcademyJoinRequestViewController.swift in Sources */,
				A54A020127143700007E47BB /* StudentChangeInfoTableViewController.swift in Sources */,
				A52EA7032715988E0000AC73 /* StudentManageSendRequestClassroomViewController.swift in Sources */,
				A5F7F1A626A303F600487BF7 /* TeacherRequestClassroomJoinViewController.swift in Sources */,
				A532DB2726889ACB00076260 /* SignInViewController.swift in Sources */,
				A52EA700271598230000AC73 /* StudentManageSendRequestAcademyViewController.swift in Sources */,
				A55454A52710A09200CCC987 /* StudentChangeInfoViewController.swift in Sources */,
				A5B469AF2688DF7200C62F9C /* UserType.swift in Sources */,
				A5FB031026A04071007FCDB7 /* TeacherCreateLessonViewController.swift in Sources */,
				A5EFD39526A16B3E001637FB /* TeacherClassroomManageViewController.swift in Sources */,
				A57FE01E268F443600B1E609 /* InputNamePhoneViewController.swift in Sources */,
				A529377B269AE4CA00B210C2 /* Messages.swift in Sources */,
				A505A8EB26B3DF1E007954A4 /* TeacherCreateClassroomViewController.swift in Sources */,
				A5FB031526A05C2D007FCDB7 /* TeacherMenuViewController.swift in Sources */,
				A59051F92723DBD100439840 /* TeacherRemoveExamViewController.swift in Sources */,
				A56FB386270DD778001A5F21 /* AcademyAcceptStudentViewController.swift in Sources */,
				A5F5E66126BC3E100004BA35 /* TeacherAddExamDateViewController.swift in Sources */,
				A55454A12710A07800CCC987 /* StudentExamHistoryViewController.swift in Sources */,
				A5293768269ACCE700B210C2 /* Exam.swift in Sources */,
				A5780AB226AC4A7E007F6A88 /* TeacherClassroomManageStudentViewController.swift in Sources */,
				A5B469AC2688DA8A00C62F9C /* Presentor.swift in Sources */,
				A50FABB1271A929400BDD614 /* TeacherChangePasswordViewController.swift in Sources */,
				A573203C2705A4A200951638 /* TeacherAcademyJoinRequestViewController.swift in Sources */,
				A57FE01C268F401300B1E609 /* SignUpInformation.swift in Sources */,
				A54A0203271489E0007E47BB /* StudentChangePasswordViewController.swift in Sources */,
				A554549F2710A05B00CCC987 /* StudentExamListViewController.swift in Sources */,
				A520AAD626EE3BCB0099CD94 /* PGSelectionTab.swift in Sources */,
				A53EA48226A5402F00AFF799 /* TeacherLessonDetailViewController.swift in Sources */,
				A532DB2326889ACB00076260 /* AppDelegate.swift in Sources */,
				A57FE01A268F256B00B1E609 /* SignUpStatusProtocol.swift in Sources */,
				A5EDB213268D8A960085CCAE /* Keyboard.swift in Sources */,
				A55454A32710A08900CCC987 /* StudentClassroomJoinRequestViewController.swift in Sources */,
				A5FB031826A09162007FCDB7 /* SideMenuPresentStyleExtension.swift in Sources */,
				A5191494268DC27300620A66 /* InputUsernameViewController.swift in Sources */,
				A5B5CDC3270700B700AC9F7F /* TeacherClassroomDetailStudentViewController.swift in Sources */,
				A56FB388270DE665001A5F21 /* ButtonBarPagerExtension.swift in Sources */,
				A5F96A992722754C004E8812 /* TeacherClassroomRemoveViewController.swift in Sources */,
				A5293766269ACCE200B210C2 /* Lesson.swift in Sources */,
				A5CFCCAC26DE29240069F536 /* PGTextField.swift in Sources */,
				A5293762269ACCCD00B210C2 /* Classroom.swift in Sources */,
				A5B4CD602689942200FA2967 /* PGNetwork.swift in Sources */,
				A5D0341027096AA800732C9D /* TeacherClassroomKickTeacherViewController.swift in Sources */,
				A5EDB217268D93A90085CCAE /* Style.swift in Sources */,
				A584BA22271069410038EAE7 /* TeacherManageSendRequestViewController.swift in Sources */,
				A569C795271175A400D280EB /* StudentCalendarSelectViewController.swift in Sources */,
				A59051F52723DB4D00439840 /* TeacherManageExamTabViewController.swift in Sources */,
				A5780AB426AC4A7F007F6A88 /* TeacherClassroomManageInfoViewController.swift in Sources */,
				A55454B22710BF7D00CCC987 /* SharedUI.swift in Sources */,
				A5A8EF63270C34230036389D /* TeacherInputNewInfoViewController.swift in Sources */,
				A5C95ECC2691874000F19A55 /* InputDetailViewController.swift in Sources */,
				A505A8EE26B44F0F007954A4 /* TeacherCreateClassroomSelectAcademyViewController.swift in Sources */,
				A5F5E65E26BC2D520004BA35 /* TeacherAddExamViewController.swift in Sources */,
				A5EDB215268D931B0085CCAE /* SignUpViewController.swift in Sources */,
				A55454B02710B23500CCC987 /* StudentAcademyJoinRequestViewController.swift in Sources */,
				A5A8EF61270C2BA60036389D /* TeacherChangeInfoViewController.swift in Sources */,
				A59051F72723DBAE00439840 /* TeacherExamEditViewController.swift in Sources */,
				A508196726E748320094A50C /* Animation.swift in Sources */,
				A57FE018268F220700B1E609 /* InputPasswordViewController.swift in Sources */,
				A55A516A27135CFA00CE041E /* ClassroomAcceptTeacherViewController.swift in Sources */,
				A51D238B26FDBBE400466C05 /* PGUnregisteredNotification.swift in Sources */,
				A55A516C27135D0800CE041E /* ClassroomAcceptStudentViewController.swift in Sources */,
				A5FB031226A0574C007FCDB7 /* TeacherViewSwitcher.swift in Sources */,
				A58E7A11269758F6005FFC6F /* TeacherCalenderViewController.swift in Sources */,
				A5B469B52688EA7000C62F9C /* Teacher.swift in Sources */,
				A5BCA9EA26A41651008AD3F6 /* TeacherCreateLessonSegue.swift in Sources */,
				A532DB2526889ACB00076260 /* SceneDelegate.swift in Sources */,
				A5780AB026AC4A7D007F6A88 /* TeacherClassroomManageRequestViewController.swift in Sources */,
				A5C60EB426A358DB007795C0 /* TeacherCreateLesson_SelectClassroomViewController.swift in Sources */,
				A535E99926F731E200C6F1D8 /* PGNetworkable.swift in Sources */,
				A5F96A9727227524004E8812 /* TeacherClassroomChangeInfoViewController.swift in Sources */,
				A508196926E780A00094A50C /* PGSelectButton.swift in Sources */,
				A529376A269ACCED00B210C2 /* Question.swift in Sources */,
				A5E7C0ED26C66CC10083001C /* StudentCalendarViewController.swift in Sources */,
				A52F8BAA26BD32F9005AA7DC /* TeacherSelectExamDateViewController.swift in Sources */,
				A5B469B32688E9F600C62F9C /* Student.swift in Sources */,
				A554549727109E3700CCC987 /* StudentViewSwitcher.swift in Sources */,
				A5293764269ACCD700B210C2 /* Academy.swift in Sources */,
				A5780AAE26AC4A6D007F6A88 /* TeacherClassroomManageExamViewController.swift in Sources */,
				A532DDAA269F295C007C9A34 /* TeacherCalendarSelectViewController.swift in Sources */,
				A55D3FB92697261D009DC6B7 /* FindAccountViewController.swift in Sources */,
				A5CFCCAA26DE26E70069F536 /* PGButton.swift in Sources */,
				A529376C269AD62A00B210C2 /* Schedule.swift in Sources */,
				A55454A92710A11300CCC987 /* StudentSideMenuViewController.swift in Sources */,
				A57F5CED2695F2BE00A603DD /* Account.swift in Sources */,
				A55454A72710A0A200CCC987 /* StudentManageSendRequestViewController.swift in Sources */,
			);
			runOnlyForDeploymentPostprocessing = 0;
		};
		A532DB3126889ACC00076260 /* Sources */ = {
			isa = PBXSourcesBuildPhase;
			buildActionMask = 2147483647;
			files = (
				A532DB3A26889ACC00076260 /* PullgoTests.swift in Sources */,
				A5DF4A67270F371F004E389B /* StudentSignUpTest.swift in Sources */,
				A568CCB326FB3B8B00B96DF0 /* TeacherSignUpTest.swift in Sources */,
				A52904512704406000B9344C /* PullgoUITest.swift in Sources */,
				A52904542704462E00B9344C /* CheckCreatedAccountTest.swift in Sources */,
			);
			runOnlyForDeploymentPostprocessing = 0;
		};
		A532DB3C26889ACC00076260 /* Sources */ = {
			isa = PBXSourcesBuildPhase;
			buildActionMask = 2147483647;
			files = (
				A5290452270444CD00B9344C /* TeacherSignUpTest.swift in Sources */,
				A5DF4A68270F3720004E389B /* StudentSignUpTest.swift in Sources */,
				A58E7A1526975B0D005FFC6F /* TeacherUITest.swift in Sources */,
				A55D3FBB26972651009DC6B7 /* FindAccountTest.swift in Sources */,
				A591BAFB270435A00089F28D /* PullgoUITest.swift in Sources */,
			);
			runOnlyForDeploymentPostprocessing = 0;
		};
/* End PBXSourcesBuildPhase section */

/* Begin PBXTargetDependency section */
		A532DB3726889ACC00076260 /* PBXTargetDependency */ = {
			isa = PBXTargetDependency;
			target = A532DB1E26889ACB00076260 /* Pullgo */;
			targetProxy = A532DB3626889ACC00076260 /* PBXContainerItemProxy */;
		};
		A532DB4226889ACC00076260 /* PBXTargetDependency */ = {
			isa = PBXTargetDependency;
			target = A532DB1E26889ACB00076260 /* Pullgo */;
			targetProxy = A532DB4126889ACC00076260 /* PBXContainerItemProxy */;
		};
/* End PBXTargetDependency section */

/* Begin PBXVariantGroup section */
		A532DB2826889ACB00076260 /* Main.storyboard */ = {
			isa = PBXVariantGroup;
			children = (
				A532DB2926889ACB00076260 /* Base */,
			);
			name = Main.storyboard;
			sourceTree = "<group>";
		};
		A532DB2D26889ACC00076260 /* LaunchScreen.storyboard */ = {
			isa = PBXVariantGroup;
			children = (
				A532DB2E26889ACC00076260 /* Base */,
			);
			name = LaunchScreen.storyboard;
			sourceTree = "<group>";
		};
/* End PBXVariantGroup section */

/* Begin XCBuildConfiguration section */
		A532DB4726889ACC00076260 /* Debug */ = {
			isa = XCBuildConfiguration;
			buildSettings = {
				ALWAYS_SEARCH_USER_PATHS = NO;
				CLANG_ANALYZER_NONNULL = YES;
				CLANG_ANALYZER_NUMBER_OBJECT_CONVERSION = YES_AGGRESSIVE;
				CLANG_CXX_LANGUAGE_STANDARD = "gnu++14";
				CLANG_CXX_LIBRARY = "libc++";
				CLANG_ENABLE_MODULES = YES;
				CLANG_ENABLE_OBJC_ARC = YES;
				CLANG_ENABLE_OBJC_WEAK = YES;
				CLANG_WARN_BLOCK_CAPTURE_AUTORELEASING = YES;
				CLANG_WARN_BOOL_CONVERSION = YES;
				CLANG_WARN_COMMA = YES;
				CLANG_WARN_CONSTANT_CONVERSION = YES;
				CLANG_WARN_DEPRECATED_OBJC_IMPLEMENTATIONS = YES;
				CLANG_WARN_DIRECT_OBJC_ISA_USAGE = YES_ERROR;
				CLANG_WARN_DOCUMENTATION_COMMENTS = YES;
				CLANG_WARN_EMPTY_BODY = YES;
				CLANG_WARN_ENUM_CONVERSION = YES;
				CLANG_WARN_INFINITE_RECURSION = YES;
				CLANG_WARN_INT_CONVERSION = YES;
				CLANG_WARN_NON_LITERAL_NULL_CONVERSION = YES;
				CLANG_WARN_OBJC_IMPLICIT_RETAIN_SELF = YES;
				CLANG_WARN_OBJC_LITERAL_CONVERSION = YES;
				CLANG_WARN_OBJC_ROOT_CLASS = YES_ERROR;
				CLANG_WARN_QUOTED_INCLUDE_IN_FRAMEWORK_HEADER = YES;
				CLANG_WARN_RANGE_LOOP_ANALYSIS = YES;
				CLANG_WARN_STRICT_PROTOTYPES = YES;
				CLANG_WARN_SUSPICIOUS_MOVE = YES;
				CLANG_WARN_UNGUARDED_AVAILABILITY = YES_AGGRESSIVE;
				CLANG_WARN_UNREACHABLE_CODE = YES;
				CLANG_WARN__DUPLICATE_METHOD_MATCH = YES;
				COPY_PHASE_STRIP = NO;
				DEBUG_INFORMATION_FORMAT = dwarf;
				ENABLE_STRICT_OBJC_MSGSEND = YES;
				ENABLE_TESTABILITY = YES;
				GCC_C_LANGUAGE_STANDARD = gnu11;
				GCC_DYNAMIC_NO_PIC = NO;
				GCC_NO_COMMON_BLOCKS = YES;
				GCC_OPTIMIZATION_LEVEL = 0;
				GCC_PREPROCESSOR_DEFINITIONS = (
					"DEBUG=1",
					"$(inherited)",
				);
				GCC_WARN_64_TO_32_BIT_CONVERSION = YES;
				GCC_WARN_ABOUT_RETURN_TYPE = YES_ERROR;
				GCC_WARN_UNDECLARED_SELECTOR = YES;
				GCC_WARN_UNINITIALIZED_AUTOS = YES_AGGRESSIVE;
				GCC_WARN_UNUSED_FUNCTION = YES;
				GCC_WARN_UNUSED_VARIABLE = YES;
				IPHONEOS_DEPLOYMENT_TARGET = 14.5;
				MTL_ENABLE_DEBUG_INFO = INCLUDE_SOURCE;
				MTL_FAST_MATH = YES;
				ONLY_ACTIVE_ARCH = YES;
				SDKROOT = iphoneos;
				SWIFT_ACTIVE_COMPILATION_CONDITIONS = DEBUG;
				SWIFT_OPTIMIZATION_LEVEL = "-Onone";
			};
			name = Debug;
		};
		A532DB4826889ACC00076260 /* Release */ = {
			isa = XCBuildConfiguration;
			buildSettings = {
				ALWAYS_SEARCH_USER_PATHS = NO;
				CLANG_ANALYZER_NONNULL = YES;
				CLANG_ANALYZER_NUMBER_OBJECT_CONVERSION = YES_AGGRESSIVE;
				CLANG_CXX_LANGUAGE_STANDARD = "gnu++14";
				CLANG_CXX_LIBRARY = "libc++";
				CLANG_ENABLE_MODULES = YES;
				CLANG_ENABLE_OBJC_ARC = YES;
				CLANG_ENABLE_OBJC_WEAK = YES;
				CLANG_WARN_BLOCK_CAPTURE_AUTORELEASING = YES;
				CLANG_WARN_BOOL_CONVERSION = YES;
				CLANG_WARN_COMMA = YES;
				CLANG_WARN_CONSTANT_CONVERSION = YES;
				CLANG_WARN_DEPRECATED_OBJC_IMPLEMENTATIONS = YES;
				CLANG_WARN_DIRECT_OBJC_ISA_USAGE = YES_ERROR;
				CLANG_WARN_DOCUMENTATION_COMMENTS = YES;
				CLANG_WARN_EMPTY_BODY = YES;
				CLANG_WARN_ENUM_CONVERSION = YES;
				CLANG_WARN_INFINITE_RECURSION = YES;
				CLANG_WARN_INT_CONVERSION = YES;
				CLANG_WARN_NON_LITERAL_NULL_CONVERSION = YES;
				CLANG_WARN_OBJC_IMPLICIT_RETAIN_SELF = YES;
				CLANG_WARN_OBJC_LITERAL_CONVERSION = YES;
				CLANG_WARN_OBJC_ROOT_CLASS = YES_ERROR;
				CLANG_WARN_QUOTED_INCLUDE_IN_FRAMEWORK_HEADER = YES;
				CLANG_WARN_RANGE_LOOP_ANALYSIS = YES;
				CLANG_WARN_STRICT_PROTOTYPES = YES;
				CLANG_WARN_SUSPICIOUS_MOVE = YES;
				CLANG_WARN_UNGUARDED_AVAILABILITY = YES_AGGRESSIVE;
				CLANG_WARN_UNREACHABLE_CODE = YES;
				CLANG_WARN__DUPLICATE_METHOD_MATCH = YES;
				COPY_PHASE_STRIP = NO;
				DEBUG_INFORMATION_FORMAT = "dwarf-with-dsym";
				ENABLE_NS_ASSERTIONS = NO;
				ENABLE_STRICT_OBJC_MSGSEND = YES;
				GCC_C_LANGUAGE_STANDARD = gnu11;
				GCC_NO_COMMON_BLOCKS = YES;
				GCC_WARN_64_TO_32_BIT_CONVERSION = YES;
				GCC_WARN_ABOUT_RETURN_TYPE = YES_ERROR;
				GCC_WARN_UNDECLARED_SELECTOR = YES;
				GCC_WARN_UNINITIALIZED_AUTOS = YES_AGGRESSIVE;
				GCC_WARN_UNUSED_FUNCTION = YES;
				GCC_WARN_UNUSED_VARIABLE = YES;
				IPHONEOS_DEPLOYMENT_TARGET = 14.5;
				MTL_ENABLE_DEBUG_INFO = NO;
				MTL_FAST_MATH = YES;
				SDKROOT = iphoneos;
				SWIFT_COMPILATION_MODE = wholemodule;
				SWIFT_OPTIMIZATION_LEVEL = "-O";
				VALIDATE_PRODUCT = YES;
			};
			name = Release;
		};
		A532DB4A26889ACC00076260 /* Debug */ = {
			isa = XCBuildConfiguration;
			baseConfigurationReference = D7D45FC0FE88037911ECF320 /* Pods-Pullgo.debug.xcconfig */;
			buildSettings = {
				ASSETCATALOG_COMPILER_APPICON_NAME = AppIcon;
				ASSETCATALOG_COMPILER_GLOBAL_ACCENT_COLOR_NAME = AccentColor;
				CODE_SIGN_STYLE = Automatic;
				DEVELOPMENT_TEAM = GTB6BR222W;
				EXCLUDED_ARCHS = "";
				FRAMEWORK_SEARCH_PATHS = "$(inherited)";
				INFOPLIST_FILE = Pullgo/Info.plist;
				LD_RUNPATH_SEARCH_PATHS = (
					"$(inherited)",
					"@executable_path/Frameworks",
				);
				PRODUCT_BUNDLE_IDENTIFIER = com.harry.Pullgo;
				PRODUCT_NAME = "$(TARGET_NAME)";
				SWIFT_VERSION = 5.0;
				TARGETED_DEVICE_FAMILY = "1,2";
			};
			name = Debug;
		};
		A532DB4B26889ACC00076260 /* Release */ = {
			isa = XCBuildConfiguration;
			baseConfigurationReference = A2A742CB25288F7C88BC57FC /* Pods-Pullgo.release.xcconfig */;
			buildSettings = {
				ASSETCATALOG_COMPILER_APPICON_NAME = AppIcon;
				ASSETCATALOG_COMPILER_GLOBAL_ACCENT_COLOR_NAME = AccentColor;
				CODE_SIGN_STYLE = Automatic;
				DEVELOPMENT_TEAM = GTB6BR222W;
				EXCLUDED_ARCHS = "";
				FRAMEWORK_SEARCH_PATHS = "$(inherited)";
				INFOPLIST_FILE = Pullgo/Info.plist;
				LD_RUNPATH_SEARCH_PATHS = (
					"$(inherited)",
					"@executable_path/Frameworks",
				);
				PRODUCT_BUNDLE_IDENTIFIER = com.harry.Pullgo;
				PRODUCT_NAME = "$(TARGET_NAME)";
				SWIFT_VERSION = 5.0;
				TARGETED_DEVICE_FAMILY = "1,2";
			};
			name = Release;
		};
		A532DB4D26889ACC00076260 /* Debug */ = {
			isa = XCBuildConfiguration;
			baseConfigurationReference = 2D7CCF18C074C9D8C1652D63 /* Pods-Pullgo-PullgoTests.debug.xcconfig */;
			buildSettings = {
				BUNDLE_LOADER = "$(TEST_HOST)";
				CODE_SIGN_STYLE = Automatic;
				DEVELOPMENT_TEAM = GTB6BR222W;
				FRAMEWORK_SEARCH_PATHS = "$(inherited)";
				INFOPLIST_FILE = PullgoTests/Info.plist;
				IPHONEOS_DEPLOYMENT_TARGET = 14.5;
				LD_RUNPATH_SEARCH_PATHS = (
					"$(inherited)",
					"@executable_path/Frameworks",
					"@loader_path/Frameworks",
				);
				PRODUCT_BUNDLE_IDENTIFIER = com.harry.PullgoTests;
				PRODUCT_NAME = "$(TARGET_NAME)";
				SWIFT_VERSION = 5.0;
				TARGETED_DEVICE_FAMILY = "1,2";
				TEST_HOST = "$(BUILT_PRODUCTS_DIR)/Pullgo.app/Pullgo";
			};
			name = Debug;
		};
		A532DB4E26889ACC00076260 /* Release */ = {
			isa = XCBuildConfiguration;
			baseConfigurationReference = 3F821FC9BEE8482EBFE6B0AE /* Pods-Pullgo-PullgoTests.release.xcconfig */;
			buildSettings = {
				BUNDLE_LOADER = "$(TEST_HOST)";
				CODE_SIGN_STYLE = Automatic;
				DEVELOPMENT_TEAM = GTB6BR222W;
				FRAMEWORK_SEARCH_PATHS = "$(inherited)";
				INFOPLIST_FILE = PullgoTests/Info.plist;
				IPHONEOS_DEPLOYMENT_TARGET = 14.5;
				LD_RUNPATH_SEARCH_PATHS = (
					"$(inherited)",
					"@executable_path/Frameworks",
					"@loader_path/Frameworks",
				);
				PRODUCT_BUNDLE_IDENTIFIER = com.harry.PullgoTests;
				PRODUCT_NAME = "$(TARGET_NAME)";
				SWIFT_VERSION = 5.0;
				TARGETED_DEVICE_FAMILY = "1,2";
				TEST_HOST = "$(BUILT_PRODUCTS_DIR)/Pullgo.app/Pullgo";
			};
			name = Release;
		};
		A532DB5026889ACC00076260 /* Debug */ = {
			isa = XCBuildConfiguration;
			baseConfigurationReference = FBB6A7558D48C00F2C7419F4 /* Pods-Pullgo-PullgoUITests.debug.xcconfig */;
			buildSettings = {
				CODE_SIGN_STYLE = Automatic;
				DEVELOPMENT_TEAM = GTB6BR222W;
				EXCLUDED_ARCHS = "";
				FRAMEWORK_SEARCH_PATHS = "$(inherited)";
				INFOPLIST_FILE = PullgoUITests/Info.plist;
				LD_RUNPATH_SEARCH_PATHS = (
					"$(inherited)",
					"@executable_path/Frameworks",
					"@loader_path/Frameworks",
				);
				PRODUCT_BUNDLE_IDENTIFIER = com.harry.PullgoUITests;
				PRODUCT_NAME = "$(TARGET_NAME)";
				SWIFT_VERSION = 5.0;
				TARGETED_DEVICE_FAMILY = "1,2";
				TEST_TARGET_NAME = Pullgo;
			};
			name = Debug;
		};
		A532DB5126889ACC00076260 /* Release */ = {
			isa = XCBuildConfiguration;
			baseConfigurationReference = 023C7437D2701295ABA27959 /* Pods-Pullgo-PullgoUITests.release.xcconfig */;
			buildSettings = {
				CODE_SIGN_STYLE = Automatic;
				DEVELOPMENT_TEAM = GTB6BR222W;
				EXCLUDED_ARCHS = "";
				FRAMEWORK_SEARCH_PATHS = "$(inherited)";
				INFOPLIST_FILE = PullgoUITests/Info.plist;
				LD_RUNPATH_SEARCH_PATHS = (
					"$(inherited)",
					"@executable_path/Frameworks",
					"@loader_path/Frameworks",
				);
				PRODUCT_BUNDLE_IDENTIFIER = com.harry.PullgoUITests;
				PRODUCT_NAME = "$(TARGET_NAME)";
				SWIFT_VERSION = 5.0;
				TARGETED_DEVICE_FAMILY = "1,2";
				TEST_TARGET_NAME = Pullgo;
			};
			name = Release;
		};
/* End XCBuildConfiguration section */

/* Begin XCConfigurationList section */
		A532DB1A26889ACB00076260 /* Build configuration list for PBXProject "Pullgo" */ = {
			isa = XCConfigurationList;
			buildConfigurations = (
				A532DB4726889ACC00076260 /* Debug */,
				A532DB4826889ACC00076260 /* Release */,
			);
			defaultConfigurationIsVisible = 0;
			defaultConfigurationName = Release;
		};
		A532DB4926889ACC00076260 /* Build configuration list for PBXNativeTarget "Pullgo" */ = {
			isa = XCConfigurationList;
			buildConfigurations = (
				A532DB4A26889ACC00076260 /* Debug */,
				A532DB4B26889ACC00076260 /* Release */,
			);
			defaultConfigurationIsVisible = 0;
			defaultConfigurationName = Release;
		};
		A532DB4C26889ACC00076260 /* Build configuration list for PBXNativeTarget "PullgoTests" */ = {
			isa = XCConfigurationList;
			buildConfigurations = (
				A532DB4D26889ACC00076260 /* Debug */,
				A532DB4E26889ACC00076260 /* Release */,
			);
			defaultConfigurationIsVisible = 0;
			defaultConfigurationName = Release;
		};
		A532DB4F26889ACC00076260 /* Build configuration list for PBXNativeTarget "PullgoUITests" */ = {
			isa = XCConfigurationList;
			buildConfigurations = (
				A532DB5026889ACC00076260 /* Debug */,
				A532DB5126889ACC00076260 /* Release */,
			);
			defaultConfigurationIsVisible = 0;
			defaultConfigurationName = Release;
		};
/* End XCConfigurationList section */

/* Begin XCRemoteSwiftPackageReference section */
		A532DB5326889BD700076260 /* XCRemoteSwiftPackageReference "Alamofire" */ = {
			isa = XCRemoteSwiftPackageReference;
			repositoryURL = "https://github.com/Alamofire/Alamofire.git";
			requirement = {
				kind = upToNextMajorVersion;
				minimumVersion = 5.4.3;
			};
		};
		A535FD332708D84F009C4D9D /* XCRemoteSwiftPackageReference "RxSwift" */ = {
			isa = XCRemoteSwiftPackageReference;
			repositoryURL = "https://github.com/ReactiveX/RxSwift.git";
			requirement = {
				kind = upToNextMajorVersion;
				minimumVersion = 6.2.0;
			};
		};
		A5B1A59B26E2055500E5D8B2 /* XCRemoteSwiftPackageReference "SnapKit" */ = {
			isa = XCRemoteSwiftPackageReference;
			repositoryURL = "https://github.com/SnapKit/SnapKit.git";
			requirement = {
				kind = upToNextMajorVersion;
				minimumVersion = 5.0.1;
			};
		};
		A5EC2AD62697DE4A00D310E0 /* XCRemoteSwiftPackageReference "HorizonCalendar" */ = {
			isa = XCRemoteSwiftPackageReference;
			repositoryURL = "https://github.com/airbnb/HorizonCalendar";
			requirement = {
				kind = upToNextMajorVersion;
				minimumVersion = 1.0.0;
			};
		};
		A5EC2AD92697E4F400D310E0 /* XCRemoteSwiftPackageReference "FSCalendar" */ = {
			isa = XCRemoteSwiftPackageReference;
			repositoryURL = "https://github.com/WenchaoD/FSCalendar";
			requirement = {
				kind = upToNextMajorVersion;
				minimumVersion = 2.0.0;
			};
		};
		A5EC2ADC2697E9A400D310E0 /* XCRemoteSwiftPackageReference "SideMenu" */ = {
			isa = XCRemoteSwiftPackageReference;
			repositoryURL = "https://github.com/jonkykong/SideMenu";
			requirement = {
				kind = upToNextMajorVersion;
				minimumVersion = 6.0.0;
			};
		};
/* End XCRemoteSwiftPackageReference section */

/* Begin XCSwiftPackageProductDependency section */
		A529376E269ADAF800B210C2 /* Alamofire */ = {
			isa = XCSwiftPackageProductDependency;
			package = A532DB5326889BD700076260 /* XCRemoteSwiftPackageReference "Alamofire" */;
			productName = Alamofire;
		};
		A5293770269ADAF800B210C2 /* FSCalendar */ = {
			isa = XCSwiftPackageProductDependency;
			package = A5EC2AD92697E4F400D310E0 /* XCRemoteSwiftPackageReference "FSCalendar" */;
			productName = FSCalendar;
		};
		A5293772269ADAF800B210C2 /* SideMenu */ = {
			isa = XCSwiftPackageProductDependency;
			package = A5EC2ADC2697E9A400D310E0 /* XCRemoteSwiftPackageReference "SideMenu" */;
			productName = SideMenu;
		};
		A5293774269ADB0100B210C2 /* Alamofire */ = {
			isa = XCSwiftPackageProductDependency;
			package = A532DB5326889BD700076260 /* XCRemoteSwiftPackageReference "Alamofire" */;
			productName = Alamofire;
		};
		A5293776269ADB0100B210C2 /* FSCalendar */ = {
			isa = XCSwiftPackageProductDependency;
			package = A5EC2AD92697E4F400D310E0 /* XCRemoteSwiftPackageReference "FSCalendar" */;
			productName = FSCalendar;
		};
		A5293778269ADB0100B210C2 /* SideMenu */ = {
			isa = XCSwiftPackageProductDependency;
			package = A5EC2ADC2697E9A400D310E0 /* XCRemoteSwiftPackageReference "SideMenu" */;
			productName = SideMenu;
		};
		A532DB5426889BD700076260 /* Alamofire */ = {
			isa = XCSwiftPackageProductDependency;
			package = A532DB5326889BD700076260 /* XCRemoteSwiftPackageReference "Alamofire" */;
			productName = Alamofire;
		};
		A535FD342708D84F009C4D9D /* RxCocoa */ = {
			isa = XCSwiftPackageProductDependency;
			package = A535FD332708D84F009C4D9D /* XCRemoteSwiftPackageReference "RxSwift" */;
			productName = RxCocoa;
		};
		A535FD362708D84F009C4D9D /* RxSwift */ = {
			isa = XCSwiftPackageProductDependency;
			package = A535FD332708D84F009C4D9D /* XCRemoteSwiftPackageReference "RxSwift" */;
			productName = RxSwift;
		};
		A580B1F82709861600377D72 /* RxCocoa */ = {
			isa = XCSwiftPackageProductDependency;
			package = A535FD332708D84F009C4D9D /* XCRemoteSwiftPackageReference "RxSwift" */;
			productName = RxCocoa;
		};
		A580B1FA2709861600377D72 /* RxSwift */ = {
			isa = XCSwiftPackageProductDependency;
			package = A535FD332708D84F009C4D9D /* XCRemoteSwiftPackageReference "RxSwift" */;
			productName = RxSwift;
		};
		A5B1A59C26E2055500E5D8B2 /* SnapKit */ = {
			isa = XCSwiftPackageProductDependency;
			package = A5B1A59B26E2055500E5D8B2 /* XCRemoteSwiftPackageReference "SnapKit" */;
			productName = SnapKit;
		};
		A5EC2ADA2697E4F400D310E0 /* FSCalendar */ = {
			isa = XCSwiftPackageProductDependency;
			package = A5EC2AD92697E4F400D310E0 /* XCRemoteSwiftPackageReference "FSCalendar" */;
			productName = FSCalendar;
		};
		A5EC2ADD2697E9A400D310E0 /* SideMenu */ = {
			isa = XCSwiftPackageProductDependency;
			package = A5EC2ADC2697E9A400D310E0 /* XCRemoteSwiftPackageReference "SideMenu" */;
			productName = SideMenu;
		};
/* End XCSwiftPackageProductDependency section */
	};
	rootObject = A532DB1726889ACB00076260 /* Project object */;
}
